// !$*UTF8*$!
{
	archiveVersion = 1;
	classes = {
	};
	objectVersion = 46;
	objects = {

/* Begin PBXBuildFile section */
		924948E31F2870F5000C9564 /* PODetail.m in Sources */ = {isa = PBXBuildFile; fileRef = 924948D71F2870F5000C9564 /* PODetail.m */; };
		924948E41F2870F5000C9564 /* POItemDetail.m in Sources */ = {isa = PBXBuildFile; fileRef = 924948D91F2870F5000C9564 /* POItemDetail.m */; };
		924948E51F2870F5000C9564 /* POItemInfo.m in Sources */ = {isa = PBXBuildFile; fileRef = 924948DB1F2870F5000C9564 /* POItemInfo.m */; };
		924948E61F2870F5000C9564 /* POItemListData.m in Sources */ = {isa = PBXBuildFile; fileRef = 924948DD1F2870F5000C9564 /* POItemListData.m */; };
		924948E81F2870F5000C9564 /* POVendor.m in Sources */ = {isa = PBXBuildFile; fileRef = 924948E11F2870F5000C9564 /* POVendor.m */; };
		924948EB1F2871E9000C9564 /* POItemUnit.m in Sources */ = {isa = PBXBuildFile; fileRef = 924948EA1F2871E9000C9564 /* POItemUnit.m */; };
		924948F21F287404000C9564 /* RapidWebServiceConnection.m in Sources */ = {isa = PBXBuildFile; fileRef = 924948F11F287404000C9564 /* RapidWebServiceConnection.m */; };
		924C50D01F2C5E2000B51320 /* POModelJSON.txt in Resources */ = {isa = PBXBuildFile; fileRef = 924C50CF1F2C5E2000B51320 /* POModelJSON.txt */; };
		929DD7371F27085E009A5902 /* main.m in Sources */ = {isa = PBXBuildFile; fileRef = 929DD7361F27085E009A5902 /* main.m */; };
		929DD73A1F27085E009A5902 /* AppDelegate.m in Sources */ = {isa = PBXBuildFile; fileRef = 929DD7391F27085E009A5902 /* AppDelegate.m */; };
		929DD73D1F27085E009A5902 /* ViewController.m in Sources */ = {isa = PBXBuildFile; fileRef = 929DD73C1F27085E009A5902 /* ViewController.m */; };
		929DD7401F27085E009A5902 /* Main.storyboard in Resources */ = {isa = PBXBuildFile; fileRef = 929DD73E1F27085E009A5902 /* Main.storyboard */; };
		929DD7421F27085E009A5902 /* Assets.xcassets in Resources */ = {isa = PBXBuildFile; fileRef = 929DD7411F27085E009A5902 /* Assets.xcassets */; };
		929DD7451F27085E009A5902 /* LaunchScreen.storyboard in Resources */ = {isa = PBXBuildFile; fileRef = 929DD7431F27085E009A5902 /* LaunchScreen.storyboard */; };
		929DD74E1F2715E9009A5902 /* SelectionTestCell.m in Sources */ = {isa = PBXBuildFile; fileRef = 929DD74D1F2715E9009A5902 /* SelectionTestCell.m */; };
		929DD7501F271796009A5902 /* selected.png in Resources */ = {isa = PBXBuildFile; fileRef = 929DD74F1F271796009A5902 /* selected.png */; };
/* End PBXBuildFile section */

/* Begin PBXFileReference section */
		924948D61F2870F5000C9564 /* PODetail.h */ = {isa = PBXFileReference; fileEncoding = 4; lastKnownFileType = sourcecode.c.h; path = PODetail.h; sourceTree = "<group>"; };
		924948D71F2870F5000C9564 /* PODetail.m */ = {isa = PBXFileReference; fileEncoding = 4; lastKnownFileType = sourcecode.c.objc; path = PODetail.m; sourceTree = "<group>"; };
		924948D81F2870F5000C9564 /* POItemDetail.h */ = {isa = PBXFileReference; fileEncoding = 4; lastKnownFileType = sourcecode.c.h; path = POItemDetail.h; sourceTree = "<group>"; };
		924948D91F2870F5000C9564 /* POItemDetail.m */ = {isa = PBXFileReference; fileEncoding = 4; lastKnownFileType = sourcecode.c.objc; path = POItemDetail.m; sourceTree = "<group>"; };
		924948DA1F2870F5000C9564 /* POItemInfo.h */ = {isa = PBXFileReference; fileEncoding = 4; lastKnownFileType = sourcecode.c.h; path = POItemInfo.h; sourceTree = "<group>"; };
		924948DB1F2870F5000C9564 /* POItemInfo.m */ = {isa = PBXFileReference; fileEncoding = 4; lastKnownFileType = sourcecode.c.objc; path = POItemInfo.m; sourceTree = "<group>"; };
		924948DC1F2870F5000C9564 /* POItemListData.h */ = {isa = PBXFileReference; fileEncoding = 4; lastKnownFileType = sourcecode.c.h; path = POItemListData.h; sourceTree = "<group>"; };
		924948DD1F2870F5000C9564 /* POItemListData.m */ = {isa = PBXFileReference; fileEncoding = 4; lastKnownFileType = sourcecode.c.objc; path = POItemListData.m; sourceTree = "<group>"; };
		924948E01F2870F5000C9564 /* POVendor.h */ = {isa = PBXFileReference; fileEncoding = 4; lastKnownFileType = sourcecode.c.h; path = POVendor.h; sourceTree = "<group>"; };
		924948E11F2870F5000C9564 /* POVendor.m */ = {isa = PBXFileReference; fileEncoding = 4; lastKnownFileType = sourcecode.c.objc; path = POVendor.m; sourceTree = "<group>"; };
		924948E91F2871E9000C9564 /* POItemUnit.h */ = {isa = PBXFileReference; fileEncoding = 4; lastKnownFileType = sourcecode.c.h; path = POItemUnit.h; sourceTree = "<group>"; };
		924948EA1F2871E9000C9564 /* POItemUnit.m */ = {isa = PBXFileReference; fileEncoding = 4; lastKnownFileType = sourcecode.c.objc; path = POItemUnit.m; sourceTree = "<group>"; };
		924948F01F287404000C9564 /* RapidWebServiceConnection.h */ = {isa = PBXFileReference; fileEncoding = 4; lastKnownFileType = sourcecode.c.h; path = RapidWebServiceConnection.h; sourceTree = "<group>"; };
		924948F11F287404000C9564 /* RapidWebServiceConnection.m */ = {isa = PBXFileReference; fileEncoding = 4; lastKnownFileType = sourcecode.c.objc; path = RapidWebServiceConnection.m; sourceTree = "<group>"; };
		924C50CF1F2C5E2000B51320 /* POModelJSON.txt */ = {isa = PBXFileReference; fileEncoding = 4; lastKnownFileType = text; path = POModelJSON.txt; sourceTree = "<group>"; };
		929DD7321F27085E009A5902 /* TableViewSelection.app */ = {isa = PBXFileReference; explicitFileType = wrapper.application; includeInIndex = 0; path = TableViewSelection.app; sourceTree = BUILT_PRODUCTS_DIR; };
		929DD7361F27085E009A5902 /* main.m */ = {isa = PBXFileReference; lastKnownFileType = sourcecode.c.objc; path = main.m; sourceTree = "<group>"; };
		929DD7381F27085E009A5902 /* AppDelegate.h */ = {isa = PBXFileReference; lastKnownFileType = sourcecode.c.h; path = AppDelegate.h; sourceTree = "<group>"; };
		929DD7391F27085E009A5902 /* AppDelegate.m */ = {isa = PBXFileReference; lastKnownFileType = sourcecode.c.objc; path = AppDelegate.m; sourceTree = "<group>"; };
		929DD73B1F27085E009A5902 /* ViewController.h */ = {isa = PBXFileReference; lastKnownFileType = sourcecode.c.h; path = ViewController.h; sourceTree = "<group>"; };
		929DD73C1F27085E009A5902 /* ViewController.m */ = {isa = PBXFileReference; lastKnownFileType = sourcecode.c.objc; path = ViewController.m; sourceTree = "<group>"; };
		929DD73F1F27085E009A5902 /* Base */ = {isa = PBXFileReference; lastKnownFileType = file.storyboard; name = Base; path = Base.lproj/Main.storyboard; sourceTree = "<group>"; };
		929DD7411F27085E009A5902 /* Assets.xcassets */ = {isa = PBXFileReference; lastKnownFileType = folder.assetcatalog; path = Assets.xcassets; sourceTree = "<group>"; };
		929DD7441F27085E009A5902 /* Base */ = {isa = PBXFileReference; lastKnownFileType = file.storyboard; name = Base; path = Base.lproj/LaunchScreen.storyboard; sourceTree = "<group>"; };
		929DD7461F27085E009A5902 /* Info.plist */ = {isa = PBXFileReference; lastKnownFileType = text.plist.xml; path = Info.plist; sourceTree = "<group>"; };
		929DD74C1F2715E9009A5902 /* SelectionTestCell.h */ = {isa = PBXFileReference; fileEncoding = 4; lastKnownFileType = sourcecode.c.h; path = SelectionTestCell.h; sourceTree = "<group>"; };
		929DD74D1F2715E9009A5902 /* SelectionTestCell.m */ = {isa = PBXFileReference; fileEncoding = 4; lastKnownFileType = sourcecode.c.objc; path = SelectionTestCell.m; sourceTree = "<group>"; };
		929DD74F1F271796009A5902 /* selected.png */ = {isa = PBXFileReference; lastKnownFileType = image.png; path = selected.png; sourceTree = "<group>"; };
/* End PBXFileReference section */

/* Begin PBXFrameworksBuildPhase section */
		929DD72F1F27085E009A5902 /* Frameworks */ = {
			isa = PBXFrameworksBuildPhase;
			buildActionMask = 2147483647;
			files = (
			);
			runOnlyForDeploymentPostprocessing = 0;
		};
/* End PBXFrameworksBuildPhase section */

/* Begin PBXGroup section */
		924948BE1F286E04000C9564 /* POItemsModels */ = {
			isa = PBXGroup;
			children = (
				924948E91F2871E9000C9564 /* POItemUnit.h */,
				924948EA1F2871E9000C9564 /* POItemUnit.m */,
				924948D61F2870F5000C9564 /* PODetail.h */,
				924948D71F2870F5000C9564 /* PODetail.m */,
				924948D81F2870F5000C9564 /* POItemDetail.h */,
				924948D91F2870F5000C9564 /* POItemDetail.m */,
				924948DA1F2870F5000C9564 /* POItemInfo.h */,
				924948DB1F2870F5000C9564 /* POItemInfo.m */,
				924948DC1F2870F5000C9564 /* POItemListData.h */,
				924948DD1F2870F5000C9564 /* POItemListData.m */,
				924948E01F2870F5000C9564 /* POVendor.h */,
				924948E11F2870F5000C9564 /* POVendor.m */,
			);
			path = POItemsModels;
			sourceTree = "<group>";
		};
		929DD7291F27085E009A5902 = {
			isa = PBXGroup;
			children = (
				929DD7341F27085E009A5902 /* TableViewSelection */,
				929DD7331F27085E009A5902 /* Products */,
			);
			sourceTree = "<group>";
		};
		929DD7331F27085E009A5902 /* Products */ = {
			isa = PBXGroup;
			children = (
				929DD7321F27085E009A5902 /* TableViewSelection.app */,
			);
			name = Products;
			sourceTree = "<group>";
		};
		929DD7341F27085E009A5902 /* TableViewSelection */ = {
			isa = PBXGroup;
			children = (
				929DD7381F27085E009A5902 /* AppDelegate.h */,
				924C50CF1F2C5E2000B51320 /* POModelJSON.txt */,
				924948F01F287404000C9564 /* RapidWebServiceConnection.h */,
				924948F11F287404000C9564 /* RapidWebServiceConnection.m */,
				929DD7391F27085E009A5902 /* AppDelegate.m */,
				929DD73B1F27085E009A5902 /* ViewController.h */,
				929DD73C1F27085E009A5902 /* ViewController.m */,
				929DD74F1F271796009A5902 /* selected.png */,
				929DD74C1F2715E9009A5902 /* SelectionTestCell.h */,
				929DD74D1F2715E9009A5902 /* SelectionTestCell.m */,
				929DD73E1F27085E009A5902 /* Main.storyboard */,
				929DD7411F27085E009A5902 /* Assets.xcassets */,
				929DD7431F27085E009A5902 /* LaunchScreen.storyboard */,
				929DD7461F27085E009A5902 /* Info.plist */,
				924948BE1F286E04000C9564 /* POItemsModels */,
				929DD7351F27085E009A5902 /* Supporting Files */,
			);
			path = TableViewSelection;
			sourceTree = "<group>";
		};
		929DD7351F27085E009A5902 /* Supporting Files */ = {
			isa = PBXGroup;
			children = (
				929DD7361F27085E009A5902 /* main.m */,
			);
			name = "Supporting Files";
			sourceTree = "<group>";
		};
/* End PBXGroup section */

/* Begin PBXNativeTarget section */
		929DD7311F27085E009A5902 /* TableViewSelection */ = {
			isa = PBXNativeTarget;
			buildConfigurationList = 929DD7491F27085E009A5902 /* Build configuration list for PBXNativeTarget "TableViewSelection" */;
			buildPhases = (
				929DD72E1F27085E009A5902 /* Sources */,
				929DD72F1F27085E009A5902 /* Frameworks */,
				929DD7301F27085E009A5902 /* Resources */,
			);
			buildRules = (
			);
			dependencies = (
			);
			name = TableViewSelection;
			productName = TableViewSelection;
			productReference = 929DD7321F27085E009A5902 /* TableViewSelection.app */;
			productType = "com.apple.product-type.application";
		};
/* End PBXNativeTarget section */

/* Begin PBXProject section */
		929DD72A1F27085E009A5902 /* Project object */ = {
			isa = PBXProject;
			attributes = {
				LastUpgradeCheck = 0830;
				ORGANIZATIONNAME = Siya9;
				TargetAttributes = {
					929DD7311F27085E009A5902 = {
						CreatedOnToolsVersion = 8.3.3;
						ProvisioningStyle = Automatic;
					};
				};
			};
			buildConfigurationList = 929DD72D1F27085E009A5902 /* Build configuration list for PBXProject "TableViewSelection" */;
			compatibilityVersion = "Xcode 3.2";
			developmentRegion = English;
			hasScannedForEncodings = 0;
			knownRegions = (
				en,
				Base,
			);
			mainGroup = 929DD7291F27085E009A5902;
			productRefGroup = 929DD7331F27085E009A5902 /* Products */;
			projectDirPath = "";
			projectRoot = "";
			targets = (
				929DD7311F27085E009A5902 /* TableViewSelection */,
			);
		};
/* End PBXProject section */

/* Begin PBXResourcesBuildPhase section */
		929DD7301F27085E009A5902 /* Resources */ = {
			isa = PBXResourcesBuildPhase;
			buildActionMask = 2147483647;
			files = (
				924C50D01F2C5E2000B51320 /* POModelJSON.txt in Resources */,
				929DD7501F271796009A5902 /* selected.png in Resources */,
				929DD7451F27085E009A5902 /* LaunchScreen.storyboard in Resources */,
				929DD7421F27085E009A5902 /* Assets.xcassets in Resources */,
				929DD7401F27085E009A5902 /* Main.storyboard in Resources */,
			);
			runOnlyForDeploymentPostprocessing = 0;
		};
/* End PBXResourcesBuildPhase section */

/* Begin PBXSourcesBuildPhase section */
		929DD72E1F27085E009A5902 /* Sources */ = {
			isa = PBXSourcesBuildPhase;
			buildActionMask = 2147483647;
			files = (
				929DD74E1F2715E9009A5902 /* SelectionTestCell.m in Sources */,
				924948F21F287404000C9564 /* RapidWebServiceConnection.m in Sources */,
				924948E51F2870F5000C9564 /* POItemInfo.m in Sources */,
				924948E81F2870F5000C9564 /* POVendor.m in Sources */,
				929DD73D1F27085E009A5902 /* ViewController.m in Sources */,
				929DD73A1F27085E009A5902 /* AppDelegate.m in Sources */,
				924948E31F2870F5000C9564 /* PODetail.m in Sources */,
				924948EB1F2871E9000C9564 /* POItemUnit.m in Sources */,
				924948E61F2870F5000C9564 /* POItemListData.m in Sources */,
				924948E41F2870F5000C9564 /* POItemDetail.m in Sources */,
				929DD7371F27085E009A5902 /* main.m in Sources */,
			);
			runOnlyForDeploymentPostprocessing = 0;
		};
/* End PBXSourcesBuildPhase section */

/* Begin PBXVariantGroup section */
		929DD73E1F27085E009A5902 /* Main.storyboard */ = {
			isa = PBXVariantGroup;
			children = (
				929DD73F1F27085E009A5902 /* Base */,
			);
			name = Main.storyboard;
			sourceTree = "<group>";
		};
		929DD7431F27085E009A5902 /* LaunchScreen.storyboard */ = {
			isa = PBXVariantGroup;
			children = (
				929DD7441F27085E009A5902 /* Base */,
			);
			name = LaunchScreen.storyboard;
			sourceTree = "<group>";
		};
/* End PBXVariantGroup section */

/* Begin XCBuildConfiguration section */
		929DD7471F27085E009A5902 /* Debug */ = {
			isa = XCBuildConfiguration;
			buildSettings = {
				ALWAYS_SEARCH_USER_PATHS = NO;
				CLANG_ANALYZER_NONNULL = YES;
				CLANG_ANALYZER_NUMBER_OBJECT_CONVERSION = YES_AGGRESSIVE;
				CLANG_CXX_LANGUAGE_STANDARD = "gnu++0x";
				CLANG_CXX_LIBRARY = "libc++";
				CLANG_ENABLE_MODULES = YES;
				CLANG_ENABLE_OBJC_ARC = YES;
				CLANG_WARN_BOOL_CONVERSION = YES;
				CLANG_WARN_CONSTANT_CONVERSION = YES;
				CLANG_WARN_DIRECT_OBJC_ISA_USAGE = YES_ERROR;
				CLANG_WARN_DOCUMENTATION_COMMENTS = YES;
				CLANG_WARN_EMPTY_BODY = YES;
				CLANG_WARN_ENUM_CONVERSION = YES;
				CLANG_WARN_INFINITE_RECURSION = YES;
				CLANG_WARN_INT_CONVERSION = YES;
				CLANG_WARN_OBJC_ROOT_CLASS = YES_ERROR;
				CLANG_WARN_SUSPICIOUS_MOVE = YES;
				CLANG_WARN_UNREACHABLE_CODE = YES;
				CLANG_WARN__DUPLICATE_METHOD_MATCH = YES;
				"CODE_SIGN_IDENTITY[sdk=iphoneos*]" = "iPhone Developer";
				COPY_PHASE_STRIP = NO;
				DEBUG_INFORMATION_FORMAT = dwarf;
				ENABLE_STRICT_OBJC_MSGSEND = YES;
				ENABLE_TESTABILITY = YES;
				GCC_C_LANGUAGE_STANDARD = gnu99;
				GCC_DYNAMIC_NO_PIC = NO;
				GCC_NO_COMMON_BLOCKS = YES;
				GCC_OPTIMIZATION_LEVEL = 0;
				GCC_PREPROCESSOR_DEFINITIONS = (
					"DEBUG=1",
					"$(inherited)",
				);
				GCC_WARN_64_TO_32_BIT_CONVERSION = YES;
				GCC_WARN_ABOUT_RETURN_TYPE = YES_ERROR;
				GCC_WARN_UNDECLARED_SELECTOR = YES;
				GCC_WARN_UNINITIALIZED_AUTOS = YES_AGGRESSIVE;
				GCC_WARN_UNUSED_FUNCTION = YES;
				GCC_WARN_UNUSED_VARIABLE = YES;
				IPHONEOS_DEPLOYMENT_TARGET = 10.3;
				MTL_ENABLE_DEBUG_INFO = YES;
				ONLY_ACTIVE_ARCH = YES;
				SDKROOT = iphoneos;
				TARGETED_DEVICE_FAMILY = 2;
			};
			name = Debug;
		};
		929DD7481F27085E009A5902 /* Release */ = {
			isa = XCBuildConfiguration;
			buildSettings = {
				ALWAYS_SEARCH_USER_PATHS = NO;
				CLANG_ANALYZER_NONNULL = YES;
				CLANG_ANALYZER_NUMBER_OBJECT_CONVERSION = YES_AGGRESSIVE;
				CLANG_CXX_LANGUAGE_STANDARD = "gnu++0x";
				CLANG_CXX_LIBRARY = "libc++";
				CLANG_ENABLE_MODULES = YES;
				CLANG_ENABLE_OBJC_ARC = YES;
				CLANG_WARN_BOOL_CONVERSION = YES;
				CLANG_WARN_CONSTANT_CONVERSION = YES;
				CLANG_WARN_DIRECT_OBJC_ISA_USAGE = YES_ERROR;
				CLANG_WARN_DOCUMENTATION_COMMENTS = YES;
				CLANG_WARN_EMPTY_BODY = YES;
				CLANG_WARN_ENUM_CONVERSION = YES;
				CLANG_WARN_INFINITE_RECURSION = YES;
				CLANG_WARN_INT_CONVERSION = YES;
				CLANG_WARN_OBJC_ROOT_CLASS = YES_ERROR;
				CLANG_WARN_SUSPICIOUS_MOVE = YES;
				CLANG_WARN_UNREACHABLE_CODE = YES;
				CLANG_WARN__DUPLICATE_METHOD_MATCH = YES;
				"CODE_SIGN_IDENTITY[sdk=iphoneos*]" = "iPhone Developer";
				COPY_PHASE_STRIP = NO;
				DEBUG_INFORMATION_FORMAT = "dwarf-with-dsym";
				ENABLE_NS_ASSERTIONS = NO;
				ENABLE_STRICT_OBJC_MSGSEND = YES;
				GCC_C_LANGUAGE_STANDARD = gnu99;
				GCC_NO_COMMON_BLOCKS = YES;
				GCC_WARN_64_TO_32_BIT_CONVERSION = YES;
				GCC_WARN_ABOUT_RETURN_TYPE = YES_ERROR;
				GCC_WARN_UNDECLARED_SELECTOR = YES;
				GCC_WARN_UNINITIALIZED_AUTOS = YES_AGGRESSIVE;
				GCC_WARN_UNUSED_FUNCTION = YES;
				GCC_WARN_UNUSED_VARIABLE = YES;
				IPHONEOS_DEPLOYMENT_TARGET = 10.3;
				MTL_ENABLE_DEBUG_INFO = NO;
				SDKROOT = iphoneos;
				TARGETED_DEVICE_FAMILY = 2;
				VALIDATE_PRODUCT = YES;
			};
			name = Release;
		};
		929DD74A1F27085E009A5902 /* Debug */ = {
			isa = XCBuildConfiguration;
			buildSettings = {
				ASSETCATALOG_COMPILER_APPICON_NAME = AppIcon;
				INFOPLIST_FILE = TableViewSelection/Info.plist;
				LD_RUNPATH_SEARCH_PATHS = "$(inherited) @executable_path/Frameworks";
				PRODUCT_BUNDLE_IDENTIFIER = SiyaInfoTech.TableViewSelection;
				PRODUCT_NAME = "$(TARGET_NAME)";
			};
			name = Debug;
		};
		929DD74B1F27085E009A5902 /* Release */ = {
			isa = XCBuildConfiguration;
			buildSettings = {
				ASSETCATALOG_COMPILER_APPICON_NAME = AppIcon;
				INFOPLIST_FILE = TableViewSelection/Info.plist;
				LD_RUNPATH_SEARCH_PATHS = "$(inherited) @executable_path/Frameworks";
				PRODUCT_BUNDLE_IDENTIFIER = SiyaInfoTech.TableViewSelection;
				PRODUCT_NAME = "$(TARGET_NAME)";
			};
			name = Release;
		};
/* End XCBuildConfiguration section */

/* Begin XCConfigurationList section */
		929DD72D1F27085E009A5902 /* Build configuration list for PBXProject "TableViewSelection" */ = {
			isa = XCConfigurationList;
			buildConfigurations = (
				929DD7471F27085E009A5902 /* Debug */,
				929DD7481F27085E009A5902 /* Release */,
			);
			defaultConfigurationIsVisible = 0;
			defaultConfigurationName = Release;
		};
		929DD7491F27085E009A5902 /* Build configuration list for PBXNativeTarget "TableViewSelection" */ = {
			isa = XCConfigurationList;
			buildConfigurations = (
				929DD74A1F27085E009A5902 /* Debug */,
				929DD74B1F27085E009A5902 /* Release */,
			);
			defaultConfigurationIsVisible = 0;
			defaultConfigurationName = Release;
		};
/* End XCConfigurationList section */
	};
	rootObject = 929DD72A1F27085E009A5902 /* Project object */;
}
