// !$*UTF8*$!
{
	archiveVersion = 1;
	classes = {
	};
	objectVersion = 46;
	objects = {

/* Begin PBXBuildFile section */
		C028D4491C75F732006022B6 /* main.m in Sources */ = {isa = PBXBuildFile; fileRef = C028D4481C75F732006022B6 /* main.m */; };
		C028D44C1C75F732006022B6 /* AppDelegate.m in Sources */ = {isa = PBXBuildFile; fileRef = C028D44B1C75F732006022B6 /* AppDelegate.m */; };
		C028D44F1C75F732006022B6 /* ViewController.m in Sources */ = {isa = PBXBuildFile; fileRef = C028D44E1C75F732006022B6 /* ViewController.m */; };
		C028D4521C75F732006022B6 /* Main.storyboard in Resources */ = {isa = PBXBuildFile; fileRef = C028D4501C75F732006022B6 /* Main.storyboard */; };
		C028D4541C75F732006022B6 /* Assets.xcassets in Resources */ = {isa = PBXBuildFile; fileRef = C028D4531C75F732006022B6 /* Assets.xcassets */; };
		C028D4571C75F732006022B6 /* LaunchScreen.storyboard in Resources */ = {isa = PBXBuildFile; fileRef = C028D4551C75F732006022B6 /* LaunchScreen.storyboard */; };
		C028D4611C75FB61006022B6 /* MyGraph.m in Sources */ = {isa = PBXBuildFile; fileRef = C028D4601C75FB61006022B6 /* MyGraph.m */; };
/* End PBXBuildFile section */

/* Begin PBXFileReference section */
		C028D4441C75F732006022B6 /* GKGraphTest.app */ = {isa = PBXFileReference; explicitFileType = wrapper.application; includeInIndex = 0; path = GKGraphTest.app; sourceTree = BUILT_PRODUCTS_DIR; };
		C028D4481C75F732006022B6 /* main.m */ = {isa = PBXFileReference; lastKnownFileType = sourcecode.c.objc; path = main.m; sourceTree = "<group>"; };
		C028D44A1C75F732006022B6 /* AppDelegate.h */ = {isa = PBXFileReference; lastKnownFileType = sourcecode.c.h; path = AppDelegate.h; sourceTree = "<group>"; };
		C028D44B1C75F732006022B6 /* AppDelegate.m */ = {isa = PBXFileReference; lastKnownFileType = sourcecode.c.objc; path = AppDelegate.m; sourceTree = "<group>"; };
		C028D44D1C75F732006022B6 /* ViewController.h */ = {isa = PBXFileReference; lastKnownFileType = sourcecode.c.h; path = ViewController.h; sourceTree = "<group>"; };
		C028D44E1C75F732006022B6 /* ViewController.m */ = {isa = PBXFileReference; lastKnownFileType = sourcecode.c.objc; path = ViewController.m; sourceTree = "<group>"; };
		C028D4511C75F732006022B6 /* Base */ = {isa = PBXFileReference; lastKnownFileType = file.storyboard; name = Base; path = Base.lproj/Main.storyboard; sourceTree = "<group>"; };
		C028D4531C75F732006022B6 /* Assets.xcassets */ = {isa = PBXFileReference; lastKnownFileType = folder.assetcatalog; path = Assets.xcassets; sourceTree = "<group>"; };
		C028D4561C75F732006022B6 /* Base */ = {isa = PBXFileReference; lastKnownFileType = file.storyboard; name = Base; path = Base.lproj/LaunchScreen.storyboard; sourceTree = "<group>"; };
		C028D4581C75F732006022B6 /* Info.plist */ = {isa = PBXFileReference; lastKnownFileType = text.plist.xml; path = Info.plist; sourceTree = "<group>"; };
		C028D45F1C75FB61006022B6 /* MyGraph.h */ = {isa = PBXFileReference; fileEncoding = 4; lastKnownFileType = sourcecode.c.h; path = MyGraph.h; sourceTree = "<group>"; };
		C028D4601C75FB61006022B6 /* MyGraph.m */ = {isa = PBXFileReference; fileEncoding = 4; lastKnownFileType = sourcecode.c.objc; path = MyGraph.m; sourceTree = "<group>"; };
/* End PBXFileReference section */

/* Begin PBXFrameworksBuildPhase section */
		C028D4411C75F732006022B6 /* Frameworks */ = {
			isa = PBXFrameworksBuildPhase;
			buildActionMask = 2147483647;
			files = (
			);
			runOnlyForDeploymentPostprocessing = 0;
		};
/* End PBXFrameworksBuildPhase section */

/* Begin PBXGroup section */
		C028D43B1C75F732006022B6 = {
			isa = PBXGroup;
			children = (
				C028D4461C75F732006022B6 /* GKGraphTest */,
				C028D4451C75F732006022B6 /* Products */,
			);
			sourceTree = "<group>";
		};
		C028D4451C75F732006022B6 /* Products */ = {
			isa = PBXGroup;
			children = (
				C028D4441C75F732006022B6 /* GKGraphTest.app */,
			);
			name = Products;
			sourceTree = "<group>";
		};
		C028D4461C75F732006022B6 /* GKGraphTest */ = {
			isa = PBXGroup;
			children = (
				C028D44A1C75F732006022B6 /* AppDelegate.h */,
				C028D44B1C75F732006022B6 /* AppDelegate.m */,
				C028D44D1C75F732006022B6 /* ViewController.h */,
				C028D44E1C75F732006022B6 /* ViewController.m */,
				C028D45E1C75FB23006022B6 /* Graph */,
				C028D4501C75F732006022B6 /* Main.storyboard */,
				C028D4531C75F732006022B6 /* Assets.xcassets */,
				C028D4551C75F732006022B6 /* LaunchScreen.storyboard */,
				C028D4581C75F732006022B6 /* Info.plist */,
				C028D4471C75F732006022B6 /* Supporting Files */,
			);
			path = GKGraphTest;
			sourceTree = "<group>";
		};
		C028D4471C75F732006022B6 /* Supporting Files */ = {
			isa = PBXGroup;
			children = (
				C028D4481C75F732006022B6 /* main.m */,
			);
			name = "Supporting Files";
			sourceTree = "<group>";
		};
		C028D45E1C75FB23006022B6 /* Graph */ = {
			isa = PBXGroup;
			children = (
				C028D45F1C75FB61006022B6 /* MyGraph.h */,
				C028D4601C75FB61006022B6 /* MyGraph.m */,
			);
			path = Graph;
			sourceTree = "<group>";
		};
/* End PBXGroup section */

/* Begin PBXNativeTarget section */
		C028D4431C75F732006022B6 /* GKGraphTest */ = {
			isa = PBXNativeTarget;
			buildConfigurationList = C028D45B1C75F732006022B6 /* Build configuration list for PBXNativeTarget "GKGraphTest" */;
			buildPhases = (
				C028D4401C75F732006022B6 /* Sources */,
				C028D4411C75F732006022B6 /* Frameworks */,
				C028D4421C75F732006022B6 /* Resources */,
			);
			buildRules = (
			);
			dependencies = (
			);
			name = GKGraphTest;
			productName = GKGraphTest;
			productReference = C028D4441C75F732006022B6 /* GKGraphTest.app */;
			productType = "com.apple.product-type.application";
		};
/* End PBXNativeTarget section */

/* Begin PBXProject section */
		C028D43C1C75F732006022B6 /* Project object */ = {
			isa = PBXProject;
			attributes = {
				LastUpgradeCheck = 0720;
				ORGANIZATIONNAME = Lalji;
				TargetAttributes = {
					C028D4431C75F732006022B6 = {
						CreatedOnToolsVersion = 7.2;
					};
				};
			};
			buildConfigurationList = C028D43F1C75F732006022B6 /* Build configuration list for PBXProject "GKGraphTest" */;
			compatibilityVersion = "Xcode 3.2";
			developmentRegion = English;
			hasScannedForEncodings = 0;
			knownRegions = (
				en,
				Base,
			);
			mainGroup = C028D43B1C75F732006022B6;
			productRefGroup = C028D4451C75F732006022B6 /* Products */;
			projectDirPath = "";
			projectRoot = "";
			targets = (
				C028D4431C75F732006022B6 /* GKGraphTest */,
			);
		};
/* End PBXProject section */

/* Begin PBXResourcesBuildPhase section */
		C028D4421C75F732006022B6 /* Resources */ = {
			isa = PBXResourcesBuildPhase;
			buildActionMask = 2147483647;
			files = (
				C028D4571C75F732006022B6 /* LaunchScreen.storyboard in Resources */,
				C028D4541C75F732006022B6 /* Assets.xcassets in Resources */,
				C028D4521C75F732006022B6 /* Main.storyboard in Resources */,
			);
			runOnlyForDeploymentPostprocessing = 0;
		};
/* End PBXResourcesBuildPhase section */

/* Begin PBXSourcesBuildPhase section */
		C028D4401C75F732006022B6 /* Sources */ = {
			isa = PBXSourcesBuildPhase;
			buildActionMask = 2147483647;
			files = (
				C028D4611C75FB61006022B6 /* MyGraph.m in Sources */,
				C028D44F1C75F732006022B6 /* ViewController.m in Sources */,
				C028D44C1C75F732006022B6 /* AppDelegate.m in Sources */,
				C028D4491C75F732006022B6 /* main.m in Sources */,
			);
			runOnlyForDeploymentPostprocessing = 0;
		};
/* End PBXSourcesBuildPhase section */

/* Begin PBXVariantGroup section */
		C028D4501C75F732006022B6 /* Main.storyboard */ = {
			isa = PBXVariantGroup;
			children = (
				C028D4511C75F732006022B6 /* Base */,
			);
			name = Main.storyboard;
			sourceTree = "<group>";
		};
		C028D4551C75F732006022B6 /* LaunchScreen.storyboard */ = {
			isa = PBXVariantGroup;
			children = (
				C028D4561C75F732006022B6 /* Base */,
			);
			name = LaunchScreen.storyboard;
			sourceTree = "<group>";
		};
/* End PBXVariantGroup section */

/* Begin XCBuildConfiguration section */
		C028D4591C75F732006022B6 /* Debug */ = {
			isa = XCBuildConfiguration;
			buildSettings = {
				ALWAYS_SEARCH_USER_PATHS = NO;
				CLANG_CXX_LANGUAGE_STANDARD = "gnu++0x";
				CLANG_CXX_LIBRARY = "libc++";
				CLANG_ENABLE_MODULES = YES;
				CLANG_ENABLE_OBJC_ARC = YES;
				CLANG_WARN_BOOL_CONVERSION = YES;
				CLANG_WARN_CONSTANT_CONVERSION = YES;
				CLANG_WARN_DIRECT_OBJC_ISA_USAGE = YES_ERROR;
				CLANG_WARN_EMPTY_BODY = YES;
				CLANG_WARN_ENUM_CONVERSION = YES;
				CLANG_WARN_INT_CONVERSION = YES;
				CLANG_WARN_OBJC_ROOT_CLASS = YES_ERROR;
				CLANG_WARN_UNREACHABLE_CODE = YES;
				CLANG_WARN__DUPLICATE_METHOD_MATCH = YES;
				"CODE_SIGN_IDENTITY[sdk=iphoneos*]" = "iPhone Developer";
				COPY_PHASE_STRIP = NO;
				DEBUG_INFORMATION_FORMAT = dwarf;
				ENABLE_STRICT_OBJC_MSGSEND = YES;
				ENABLE_TESTABILITY = YES;
				GCC_C_LANGUAGE_STANDARD = gnu99;
				GCC_DYNAMIC_NO_PIC = NO;
				GCC_NO_COMMON_BLOCKS = YES;
				GCC_OPTIMIZATION_LEVEL = 0;
				GCC_PREPROCESSOR_DEFINITIONS = (
					"DEBUG=1",
					"$(inherited)",
				);
				GCC_WARN_64_TO_32_BIT_CONVERSION = YES;
				GCC_WARN_ABOUT_RETURN_TYPE = YES_ERROR;
				GCC_WARN_UNDECLARED_SELECTOR = YES;
				GCC_WARN_UNINITIALIZED_AUTOS = YES_AGGRESSIVE;
				GCC_WARN_UNUSED_FUNCTION = YES;
				GCC_WARN_UNUSED_VARIABLE = YES;
				IPHONEOS_DEPLOYMENT_TARGET = 9.2;
				MTL_ENABLE_DEBUG_INFO = YES;
				ONLY_ACTIVE_ARCH = YES;
				SDKROOT = iphoneos;
				TARGETED_DEVICE_FAMILY = "1,2";
			};
			name = Debug;
		};
		C028D45A1C75F732006022B6 /* Release */ = {
			isa = XCBuildConfiguration;
			buildSettings = {
				ALWAYS_SEARCH_USER_PATHS = NO;
				CLANG_CXX_LANGUAGE_STANDARD = "gnu++0x";
				CLANG_CXX_LIBRARY = "libc++";
				CLANG_ENABLE_MODULES = YES;
				CLANG_ENABLE_OBJC_ARC = YES;
				CLANG_WARN_BOOL_CONVERSION = YES;
				CLANG_WARN_CONSTANT_CONVERSION = YES;
				CLANG_WARN_DIRECT_OBJC_ISA_USAGE = YES_ERROR;
				CLANG_WARN_EMPTY_BODY = YES;
				CLANG_WARN_ENUM_CONVERSION = YES;
				CLANG_WARN_INT_CONVERSION = YES;
				CLANG_WARN_OBJC_ROOT_CLASS = YES_ERROR;
				CLANG_WARN_UNREACHABLE_CODE = YES;
				CLANG_WARN__DUPLICATE_METHOD_MATCH = YES;
				"CODE_SIGN_IDENTITY[sdk=iphoneos*]" = "iPhone Developer";
				COPY_PHASE_STRIP = NO;
				DEBUG_INFORMATION_FORMAT = "dwarf-with-dsym";
				ENABLE_NS_ASSERTIONS = NO;
				ENABLE_STRICT_OBJC_MSGSEND = YES;
				GCC_C_LANGUAGE_STANDARD = gnu99;
				GCC_NO_COMMON_BLOCKS = YES;
				GCC_WARN_64_TO_32_BIT_CONVERSION = YES;
				GCC_WARN_ABOUT_RETURN_TYPE = YES_ERROR;
				GCC_WARN_UNDECLARED_SELECTOR = YES;
				GCC_WARN_UNINITIALIZED_AUTOS = YES_AGGRESSIVE;
				GCC_WARN_UNUSED_FUNCTION = YES;
				GCC_WARN_UNUSED_VARIABLE = YES;
				IPHONEOS_DEPLOYMENT_TARGET = 9.2;
				MTL_ENABLE_DEBUG_INFO = NO;
				SDKROOT = iphoneos;
				TARGETED_DEVICE_FAMILY = "1,2";
				VALIDATE_PRODUCT = YES;
			};
			name = Release;
		};
		C028D45C1C75F732006022B6 /* Debug */ = {
			isa = XCBuildConfiguration;
			buildSettings = {
				ASSETCATALOG_COMPILER_APPICON_NAME = AppIcon;
				INFOPLIST_FILE = GKGraphTest/Info.plist;
				LD_RUNPATH_SEARCH_PATHS = "$(inherited) @executable_path/Frameworks";
				PRODUCT_BUNDLE_IDENTIFIER = com.GKGraphTest;
				PRODUCT_NAME = "$(TARGET_NAME)";
			};
			name = Debug;
		};
		C028D45D1C75F732006022B6 /* Release */ = {
			isa = XCBuildConfiguration;
			buildSettings = {
				ASSETCATALOG_COMPILER_APPICON_NAME = AppIcon;
				INFOPLIST_FILE = GKGraphTest/Info.plist;
				LD_RUNPATH_SEARCH_PATHS = "$(inherited) @executable_path/Frameworks";
				PRODUCT_BUNDLE_IDENTIFIER = com.GKGraphTest;
				PRODUCT_NAME = "$(TARGET_NAME)";
			};
			name = Release;
		};
/* End XCBuildConfiguration section */

/* Begin XCConfigurationList section */
		C028D43F1C75F732006022B6 /* Build configuration list for PBXProject "GKGraphTest" */ = {
			isa = XCConfigurationList;
			buildConfigurations = (
				C028D4591C75F732006022B6 /* Debug */,
				C028D45A1C75F732006022B6 /* Release */,
			);
			defaultConfigurationIsVisible = 0;
			defaultConfigurationName = Release;
		};
		C028D45B1C75F732006022B6 /* Build configuration list for PBXNativeTarget "GKGraphTest" */ = {
			isa = XCConfigurationList;
			buildConfigurations = (
				C028D45C1C75F732006022B6 /* Debug */,
				C028D45D1C75F732006022B6 /* Release */,
			);
			defaultConfigurationIsVisible = 0;
		};
/* End XCConfigurationList section */
	};
	rootObject = C028D43C1C75F732006022B6 /* Project object */;
}
