// !$*UTF8*$!
{
	archiveVersion = 1;
	classes = {
	};
	objectVersion = 46;
	objects = {

/* Begin PBXBuildFile section */
		9B6E4F5F1BFF360100435061 /* main.m in Sources */ = {isa = PBXBuildFile; fileRef = 9B6E4F5E1BFF360100435061 /* main.m */; };
		9B6E4F621BFF360100435061 /* AppDelegate.m in Sources */ = {isa = PBXBuildFile; fileRef = 9B6E4F611BFF360100435061 /* AppDelegate.m */; };
		9B6E4F651BFF360100435061 /* ViewController.m in Sources */ = {isa = PBXBuildFile; fileRef = 9B6E4F641BFF360100435061 /* ViewController.m */; };
		9B6E4F681BFF360100435061 /* Main.storyboard in Resources */ = {isa = PBXBuildFile; fileRef = 9B6E4F661BFF360100435061 /* Main.storyboard */; };
		9B6E4F6A1BFF360100435061 /* Images.xcassets in Resources */ = {isa = PBXBuildFile; fileRef = 9B6E4F691BFF360100435061 /* Images.xcassets */; };
		9B6E4F6D1BFF360100435061 /* LaunchScreen.xib in Resources */ = {isa = PBXBuildFile; fileRef = 9B6E4F6B1BFF360100435061 /* LaunchScreen.xib */; };
		9B6E4F791BFF360200435061 /* WorkingWithTharedTests.m in Sources */ = {isa = PBXBuildFile; fileRef = 9B6E4F781BFF360200435061 /* WorkingWithTharedTests.m */; };
/* End PBXBuildFile section */

/* Begin PBXContainerItemProxy section */
		9B6E4F731BFF360100435061 /* PBXContainerItemProxy */ = {
			isa = PBXContainerItemProxy;
			containerPortal = 9B6E4F511BFF360100435061 /* Project object */;
			proxyType = 1;
			remoteGlobalIDString = 9B6E4F581BFF360100435061;
			remoteInfo = WorkingWithThared;
		};
/* End PBXContainerItemProxy section */

/* Begin PBXFileReference section */
		9B6E4F591BFF360100435061 /* WorkingWithThared.app */ = {isa = PBXFileReference; explicitFileType = wrapper.application; includeInIndex = 0; path = WorkingWithThared.app; sourceTree = BUILT_PRODUCTS_DIR; };
		9B6E4F5D1BFF360100435061 /* Info.plist */ = {isa = PBXFileReference; lastKnownFileType = text.plist.xml; path = Info.plist; sourceTree = "<group>"; };
		9B6E4F5E1BFF360100435061 /* main.m */ = {isa = PBXFileReference; lastKnownFileType = sourcecode.c.objc; path = main.m; sourceTree = "<group>"; };
		9B6E4F601BFF360100435061 /* AppDelegate.h */ = {isa = PBXFileReference; lastKnownFileType = sourcecode.c.h; path = AppDelegate.h; sourceTree = "<group>"; };
		9B6E4F611BFF360100435061 /* AppDelegate.m */ = {isa = PBXFileReference; lastKnownFileType = sourcecode.c.objc; path = AppDelegate.m; sourceTree = "<group>"; };
		9B6E4F631BFF360100435061 /* ViewController.h */ = {isa = PBXFileReference; lastKnownFileType = sourcecode.c.h; path = ViewController.h; sourceTree = "<group>"; };
		9B6E4F641BFF360100435061 /* ViewController.m */ = {isa = PBXFileReference; lastKnownFileType = sourcecode.c.objc; path = ViewController.m; sourceTree = "<group>"; };
		9B6E4F671BFF360100435061 /* Base */ = {isa = PBXFileReference; lastKnownFileType = file.storyboard; name = Base; path = Base.lproj/Main.storyboard; sourceTree = "<group>"; };
		9B6E4F691BFF360100435061 /* Images.xcassets */ = {isa = PBXFileReference; lastKnownFileType = folder.assetcatalog; path = Images.xcassets; sourceTree = "<group>"; };
		9B6E4F6C1BFF360100435061 /* Base */ = {isa = PBXFileReference; lastKnownFileType = file.xib; name = Base; path = Base.lproj/LaunchScreen.xib; sourceTree = "<group>"; };
		9B6E4F721BFF360100435061 /* WorkingWithTharedTests.xctest */ = {isa = PBXFileReference; explicitFileType = wrapper.cfbundle; includeInIndex = 0; path = WorkingWithTharedTests.xctest; sourceTree = BUILT_PRODUCTS_DIR; };
		9B6E4F771BFF360100435061 /* Info.plist */ = {isa = PBXFileReference; lastKnownFileType = text.plist.xml; path = Info.plist; sourceTree = "<group>"; };
		9B6E4F781BFF360200435061 /* WorkingWithTharedTests.m */ = {isa = PBXFileReference; lastKnownFileType = sourcecode.c.objc; path = WorkingWithTharedTests.m; sourceTree = "<group>"; };
/* End PBXFileReference section */

/* Begin PBXFrameworksBuildPhase section */
		9B6E4F561BFF360100435061 /* Frameworks */ = {
			isa = PBXFrameworksBuildPhase;
			buildActionMask = 2147483647;
			files = (
			);
			runOnlyForDeploymentPostprocessing = 0;
		};
		9B6E4F6F1BFF360100435061 /* Frameworks */ = {
			isa = PBXFrameworksBuildPhase;
			buildActionMask = 2147483647;
			files = (
			);
			runOnlyForDeploymentPostprocessing = 0;
		};
/* End PBXFrameworksBuildPhase section */

/* Begin PBXGroup section */
		9B6E4F501BFF360100435061 = {
			isa = PBXGroup;
			children = (
				9B6E4F5B1BFF360100435061 /* WorkingWithThared */,
				9B6E4F751BFF360100435061 /* WorkingWithTharedTests */,
				9B6E4F5A1BFF360100435061 /* Products */,
			);
			sourceTree = "<group>";
		};
		9B6E4F5A1BFF360100435061 /* Products */ = {
			isa = PBXGroup;
			children = (
				9B6E4F591BFF360100435061 /* WorkingWithThared.app */,
				9B6E4F721BFF360100435061 /* WorkingWithTharedTests.xctest */,
			);
			name = Products;
			sourceTree = "<group>";
		};
		9B6E4F5B1BFF360100435061 /* WorkingWithThared */ = {
			isa = PBXGroup;
			children = (
				9B6E4F601BFF360100435061 /* AppDelegate.h */,
				9B6E4F611BFF360100435061 /* AppDelegate.m */,
				9B6E4F631BFF360100435061 /* ViewController.h */,
				9B6E4F641BFF360100435061 /* ViewController.m */,
				9B6E4F661BFF360100435061 /* Main.storyboard */,
				9B6E4F691BFF360100435061 /* Images.xcassets */,
				9B6E4F6B1BFF360100435061 /* LaunchScreen.xib */,
				9B6E4F5C1BFF360100435061 /* Supporting Files */,
			);
			path = WorkingWithThared;
			sourceTree = "<group>";
		};
		9B6E4F5C1BFF360100435061 /* Supporting Files */ = {
			isa = PBXGroup;
			children = (
				9B6E4F5D1BFF360100435061 /* Info.plist */,
				9B6E4F5E1BFF360100435061 /* main.m */,
			);
			name = "Supporting Files";
			sourceTree = "<group>";
		};
		9B6E4F751BFF360100435061 /* WorkingWithTharedTests */ = {
			isa = PBXGroup;
			children = (
				9B6E4F781BFF360200435061 /* WorkingWithTharedTests.m */,
				9B6E4F761BFF360100435061 /* Supporting Files */,
			);
			path = WorkingWithTharedTests;
			sourceTree = "<group>";
		};
		9B6E4F761BFF360100435061 /* Supporting Files */ = {
			isa = PBXGroup;
			children = (
				9B6E4F771BFF360100435061 /* Info.plist */,
			);
			name = "Supporting Files";
			sourceTree = "<group>";
		};
/* End PBXGroup section */

/* Begin PBXNativeTarget section */
		9B6E4F581BFF360100435061 /* WorkingWithThared */ = {
			isa = PBXNativeTarget;
			buildConfigurationList = 9B6E4F7C1BFF360200435061 /* Build configuration list for PBXNativeTarget "WorkingWithThared" */;
			buildPhases = (
				9B6E4F551BFF360100435061 /* Sources */,
				9B6E4F561BFF360100435061 /* Frameworks */,
				9B6E4F571BFF360100435061 /* Resources */,
			);
			buildRules = (
			);
			dependencies = (
			);
			name = WorkingWithThared;
			productName = WorkingWithThared;
			productReference = 9B6E4F591BFF360100435061 /* WorkingWithThared.app */;
			productType = "com.apple.product-type.application";
		};
		9B6E4F711BFF360100435061 /* WorkingWithTharedTests */ = {
			isa = PBXNativeTarget;
			buildConfigurationList = 9B6E4F7F1BFF360200435061 /* Build configuration list for PBXNativeTarget "WorkingWithTharedTests" */;
			buildPhases = (
				9B6E4F6E1BFF360100435061 /* Sources */,
				9B6E4F6F1BFF360100435061 /* Frameworks */,
				9B6E4F701BFF360100435061 /* Resources */,
			);
			buildRules = (
			);
			dependencies = (
				9B6E4F741BFF360100435061 /* PBXTargetDependency */,
			);
			name = WorkingWithTharedTests;
			productName = WorkingWithTharedTests;
			productReference = 9B6E4F721BFF360100435061 /* WorkingWithTharedTests.xctest */;
			productType = "com.apple.product-type.bundle.unit-test";
		};
/* End PBXNativeTarget section */

/* Begin PBXProject section */
		9B6E4F511BFF360100435061 /* Project object */ = {
			isa = PBXProject;
			attributes = {
				LastUpgradeCheck = 0640;
				ORGANIZATIONNAME = "siya-IOS5";
				TargetAttributes = {
					9B6E4F581BFF360100435061 = {
						CreatedOnToolsVersion = 6.4;
					};
					9B6E4F711BFF360100435061 = {
						CreatedOnToolsVersion = 6.4;
						TestTargetID = 9B6E4F581BFF360100435061;
					};
				};
			};
			buildConfigurationList = 9B6E4F541BFF360100435061 /* Build configuration list for PBXProject "WorkingWithThared" */;
			compatibilityVersion = "Xcode 3.2";
			developmentRegion = English;
			hasScannedForEncodings = 0;
			knownRegions = (
				en,
				Base,
			);
			mainGroup = 9B6E4F501BFF360100435061;
			productRefGroup = 9B6E4F5A1BFF360100435061 /* Products */;
			projectDirPath = "";
			projectRoot = "";
			targets = (
				9B6E4F581BFF360100435061 /* WorkingWithThared */,
				9B6E4F711BFF360100435061 /* WorkingWithTharedTests */,
			);
		};
/* End PBXProject section */

/* Begin PBXResourcesBuildPhase section */
		9B6E4F571BFF360100435061 /* Resources */ = {
			isa = PBXResourcesBuildPhase;
			buildActionMask = 2147483647;
			files = (
				9B6E4F681BFF360100435061 /* Main.storyboard in Resources */,
				9B6E4F6D1BFF360100435061 /* LaunchScreen.xib in Resources */,
				9B6E4F6A1BFF360100435061 /* Images.xcassets in Resources */,
			);
			runOnlyForDeploymentPostprocessing = 0;
		};
		9B6E4F701BFF360100435061 /* Resources */ = {
			isa = PBXResourcesBuildPhase;
			buildActionMask = 2147483647;
			files = (
			);
			runOnlyForDeploymentPostprocessing = 0;
		};
/* End PBXResourcesBuildPhase section */

/* Begin PBXSourcesBuildPhase section */
		9B6E4F551BFF360100435061 /* Sources */ = {
			isa = PBXSourcesBuildPhase;
			buildActionMask = 2147483647;
			files = (
				9B6E4F651BFF360100435061 /* ViewController.m in Sources */,
				9B6E4F621BFF360100435061 /* AppDelegate.m in Sources */,
				9B6E4F5F1BFF360100435061 /* main.m in Sources */,
			);
			runOnlyForDeploymentPostprocessing = 0;
		};
		9B6E4F6E1BFF360100435061 /* Sources */ = {
			isa = PBXSourcesBuildPhase;
			buildActionMask = 2147483647;
			files = (
				9B6E4F791BFF360200435061 /* WorkingWithTharedTests.m in Sources */,
			);
			runOnlyForDeploymentPostprocessing = 0;
		};
/* End PBXSourcesBuildPhase section */

/* Begin PBXTargetDependency section */
		9B6E4F741BFF360100435061 /* PBXTargetDependency */ = {
			isa = PBXTargetDependency;
			target = 9B6E4F581BFF360100435061 /* WorkingWithThared */;
			targetProxy = 9B6E4F731BFF360100435061 /* PBXContainerItemProxy */;
		};
/* End PBXTargetDependency section */

/* Begin PBXVariantGroup section */
		9B6E4F661BFF360100435061 /* Main.storyboard */ = {
			isa = PBXVariantGroup;
			children = (
				9B6E4F671BFF360100435061 /* Base */,
			);
			name = Main.storyboard;
			sourceTree = "<group>";
		};
		9B6E4F6B1BFF360100435061 /* LaunchScreen.xib */ = {
			isa = PBXVariantGroup;
			children = (
				9B6E4F6C1BFF360100435061 /* Base */,
			);
			name = LaunchScreen.xib;
			sourceTree = "<group>";
		};
/* End PBXVariantGroup section */

/* Begin XCBuildConfiguration section */
		9B6E4F7A1BFF360200435061 /* Debug */ = {
			isa = XCBuildConfiguration;
			buildSettings = {
				ALWAYS_SEARCH_USER_PATHS = NO;
				CLANG_CXX_LANGUAGE_STANDARD = "gnu++0x";
				CLANG_CXX_LIBRARY = "libc++";
				CLANG_ENABLE_MODULES = YES;
				CLANG_ENABLE_OBJC_ARC = YES;
				CLANG_WARN_BOOL_CONVERSION = YES;
				CLANG_WARN_CONSTANT_CONVERSION = YES;
				CLANG_WARN_DIRECT_OBJC_ISA_USAGE = YES_ERROR;
				CLANG_WARN_EMPTY_BODY = YES;
				CLANG_WARN_ENUM_CONVERSION = YES;
				CLANG_WARN_INT_CONVERSION = YES;
				CLANG_WARN_OBJC_ROOT_CLASS = YES_ERROR;
				CLANG_WARN_UNREACHABLE_CODE = YES;
				CLANG_WARN__DUPLICATE_METHOD_MATCH = YES;
				"CODE_SIGN_IDENTITY[sdk=iphoneos*]" = "iPhone Developer";
				COPY_PHASE_STRIP = NO;
				DEBUG_INFORMATION_FORMAT = "dwarf-with-dsym";
				ENABLE_STRICT_OBJC_MSGSEND = YES;
				GCC_C_LANGUAGE_STANDARD = gnu99;
				GCC_DYNAMIC_NO_PIC = NO;
				GCC_NO_COMMON_BLOCKS = YES;
				GCC_OPTIMIZATION_LEVEL = 0;
				GCC_PREPROCESSOR_DEFINITIONS = (
					"DEBUG=1",
					"$(inherited)",
				);
				GCC_SYMBOLS_PRIVATE_EXTERN = NO;
				GCC_WARN_64_TO_32_BIT_CONVERSION = YES;
				GCC_WARN_ABOUT_RETURN_TYPE = YES_ERROR;
				GCC_WARN_UNDECLARED_SELECTOR = YES;
				GCC_WARN_UNINITIALIZED_AUTOS = YES_AGGRESSIVE;
				GCC_WARN_UNUSED_FUNCTION = YES;
				GCC_WARN_UNUSED_VARIABLE = YES;
				IPHONEOS_DEPLOYMENT_TARGET = 8.4;
				MTL_ENABLE_DEBUG_INFO = YES;
				ONLY_ACTIVE_ARCH = YES;
				SDKROOT = iphoneos;
				TARGETED_DEVICE_FAMILY = 2;
			};
			name = Debug;
		};
		9B6E4F7B1BFF360200435061 /* Release */ = {
			isa = XCBuildConfiguration;
			buildSettings = {
				ALWAYS_SEARCH_USER_PATHS = NO;
				CLANG_CXX_LANGUAGE_STANDARD = "gnu++0x";
				CLANG_CXX_LIBRARY = "libc++";
				CLANG_ENABLE_MODULES = YES;
				CLANG_ENABLE_OBJC_ARC = YES;
				CLANG_WARN_BOOL_CONVERSION = YES;
				CLANG_WARN_CONSTANT_CONVERSION = YES;
				CLANG_WARN_DIRECT_OBJC_ISA_USAGE = YES_ERROR;
				CLANG_WARN_EMPTY_BODY = YES;
				CLANG_WARN_ENUM_CONVERSION = YES;
				CLANG_WARN_INT_CONVERSION = YES;
				CLANG_WARN_OBJC_ROOT_CLASS = YES_ERROR;
				CLANG_WARN_UNREACHABLE_CODE = YES;
				CLANG_WARN__DUPLICATE_METHOD_MATCH = YES;
				"CODE_SIGN_IDENTITY[sdk=iphoneos*]" = "iPhone Developer";
				COPY_PHASE_STRIP = NO;
				DEBUG_INFORMATION_FORMAT = "dwarf-with-dsym";
				ENABLE_NS_ASSERTIONS = NO;
				ENABLE_STRICT_OBJC_MSGSEND = YES;
				GCC_C_LANGUAGE_STANDARD = gnu99;
				GCC_NO_COMMON_BLOCKS = YES;
				GCC_WARN_64_TO_32_BIT_CONVERSION = YES;
				GCC_WARN_ABOUT_RETURN_TYPE = YES_ERROR;
				GCC_WARN_UNDECLARED_SELECTOR = YES;
				GCC_WARN_UNINITIALIZED_AUTOS = YES_AGGRESSIVE;
				GCC_WARN_UNUSED_FUNCTION = YES;
				GCC_WARN_UNUSED_VARIABLE = YES;
				IPHONEOS_DEPLOYMENT_TARGET = 8.4;
				MTL_ENABLE_DEBUG_INFO = NO;
				SDKROOT = iphoneos;
				TARGETED_DEVICE_FAMILY = 2;
				VALIDATE_PRODUCT = YES;
			};
			name = Release;
		};
		9B6E4F7D1BFF360200435061 /* Debug */ = {
			isa = XCBuildConfiguration;
			buildSettings = {
				ASSETCATALOG_COMPILER_APPICON_NAME = AppIcon;
				INFOPLIST_FILE = WorkingWithThared/Info.plist;
				LD_RUNPATH_SEARCH_PATHS = "$(inherited) @executable_path/Frameworks";
				PRODUCT_NAME = "$(TARGET_NAME)";
			};
			name = Debug;
		};
		9B6E4F7E1BFF360200435061 /* Release */ = {
			isa = XCBuildConfiguration;
			buildSettings = {
				ASSETCATALOG_COMPILER_APPICON_NAME = AppIcon;
				INFOPLIST_FILE = WorkingWithThared/Info.plist;
				LD_RUNPATH_SEARCH_PATHS = "$(inherited) @executable_path/Frameworks";
				PRODUCT_NAME = "$(TARGET_NAME)";
			};
			name = Release;
		};
		9B6E4F801BFF360200435061 /* Debug */ = {
			isa = XCBuildConfiguration;
			buildSettings = {
				BUNDLE_LOADER = "$(TEST_HOST)";
				FRAMEWORK_SEARCH_PATHS = (
					"$(SDKROOT)/Developer/Library/Frameworks",
					"$(inherited)",
				);
				GCC_PREPROCESSOR_DEFINITIONS = (
					"DEBUG=1",
					"$(inherited)",
				);
				INFOPLIST_FILE = WorkingWithTharedTests/Info.plist;
				LD_RUNPATH_SEARCH_PATHS = "$(inherited) @executable_path/Frameworks @loader_path/Frameworks";
				PRODUCT_NAME = "$(TARGET_NAME)";
				TEST_HOST = "$(BUILT_PRODUCTS_DIR)/WorkingWithThared.app/WorkingWithThared";
			};
			name = Debug;
		};
		9B6E4F811BFF360200435061 /* Release */ = {
			isa = XCBuildConfiguration;
			buildSettings = {
				BUNDLE_LOADER = "$(TEST_HOST)";
				FRAMEWORK_SEARCH_PATHS = (
					"$(SDKROOT)/Developer/Library/Frameworks",
					"$(inherited)",
				);
				INFOPLIST_FILE = WorkingWithTharedTests/Info.plist;
				LD_RUNPATH_SEARCH_PATHS = "$(inherited) @executable_path/Frameworks @loader_path/Frameworks";
				PRODUCT_NAME = "$(TARGET_NAME)";
				TEST_HOST = "$(BUILT_PRODUCTS_DIR)/WorkingWithThared.app/WorkingWithThared";
			};
			name = Release;
		};
/* End XCBuildConfiguration section */

/* Begin XCConfigurationList section */
		9B6E4F541BFF360100435061 /* Build configuration list for PBXProject "WorkingWithThared" */ = {
			isa = XCConfigurationList;
			buildConfigurations = (
				9B6E4F7A1BFF360200435061 /* Debug */,
				9B6E4F7B1BFF360200435061 /* Release */,
			);
			defaultConfigurationIsVisible = 0;
			defaultConfigurationName = Release;
		};
		9B6E4F7C1BFF360200435061 /* Build configuration list for PBXNativeTarget "WorkingWithThared" */ = {
			isa = XCConfigurationList;
			buildConfigurations = (
				9B6E4F7D1BFF360200435061 /* Debug */,
				9B6E4F7E1BFF360200435061 /* Release */,
			);
			defaultConfigurationIsVisible = 0;
		};
		9B6E4F7F1BFF360200435061 /* Build configuration list for PBXNativeTarget "WorkingWithTharedTests" */ = {
			isa = XCConfigurationList;
			buildConfigurations = (
				9B6E4F801BFF360200435061 /* Debug */,
				9B6E4F811BFF360200435061 /* Release */,
			);
			defaultConfigurationIsVisible = 0;
		};
/* End XCConfigurationList section */
	};
	rootObject = 9B6E4F511BFF360100435061 /* Project object */;
}
