// !$*UTF8*$!
{
	archiveVersion = 1;
	classes = {
	};
	objectVersion = 46;
	objects = {

/* Begin PBXBuildFile section */
		C0A9C2181BF1F0CA00BBA804 /* main.m in Sources */ = {isa = PBXBuildFile; fileRef = C0A9C2171BF1F0CA00BBA804 /* main.m */; };
		C0A9C21B1BF1F0CA00BBA804 /* AppDelegate.m in Sources */ = {isa = PBXBuildFile; fileRef = C0A9C21A1BF1F0CA00BBA804 /* AppDelegate.m */; };
		C0A9C21E1BF1F0CA00BBA804 /* ViewController.m in Sources */ = {isa = PBXBuildFile; fileRef = C0A9C21D1BF1F0CA00BBA804 /* ViewController.m */; };
		C0A9C2211BF1F0CA00BBA804 /* Main.storyboard in Resources */ = {isa = PBXBuildFile; fileRef = C0A9C21F1BF1F0CA00BBA804 /* Main.storyboard */; };
		C0A9C2241BF1F0CA00BBA804 /* TestSimulator.xcdatamodeld in Sources */ = {isa = PBXBuildFile; fileRef = C0A9C2221BF1F0CA00BBA804 /* TestSimulator.xcdatamodeld */; };
		C0A9C2261BF1F0CA00BBA804 /* Assets.xcassets in Resources */ = {isa = PBXBuildFile; fileRef = C0A9C2251BF1F0CA00BBA804 /* Assets.xcassets */; };
		C0A9C2291BF1F0CA00BBA804 /* LaunchScreen.storyboard in Resources */ = {isa = PBXBuildFile; fileRef = C0A9C2271BF1F0CA00BBA804 /* LaunchScreen.storyboard */; };
		C0A9C2341BF1F0CA00BBA804 /* TestSimulatorTests.m in Sources */ = {isa = PBXBuildFile; fileRef = C0A9C2331BF1F0CA00BBA804 /* TestSimulatorTests.m */; };
		C0A9C23F1BF1F0CA00BBA804 /* TestSimulatorUITests.m in Sources */ = {isa = PBXBuildFile; fileRef = C0A9C23E1BF1F0CA00BBA804 /* TestSimulatorUITests.m */; };
/* End PBXBuildFile section */

/* Begin PBXContainerItemProxy section */
		C0A9C2301BF1F0CA00BBA804 /* PBXContainerItemProxy */ = {
			isa = PBXContainerItemProxy;
			containerPortal = C0A9C20B1BF1F0CA00BBA804 /* Project object */;
			proxyType = 1;
			remoteGlobalIDString = C0A9C2121BF1F0CA00BBA804;
			remoteInfo = TestSimulator;
		};
		C0A9C23B1BF1F0CA00BBA804 /* PBXContainerItemProxy */ = {
			isa = PBXContainerItemProxy;
			containerPortal = C0A9C20B1BF1F0CA00BBA804 /* Project object */;
			proxyType = 1;
			remoteGlobalIDString = C0A9C2121BF1F0CA00BBA804;
			remoteInfo = TestSimulator;
		};
/* End PBXContainerItemProxy section */

/* Begin PBXFileReference section */
		C0A9C2131BF1F0CA00BBA804 /* TestSimulator.app */ = {isa = PBXFileReference; explicitFileType = wrapper.application; includeInIndex = 0; path = TestSimulator.app; sourceTree = BUILT_PRODUCTS_DIR; };
		C0A9C2171BF1F0CA00BBA804 /* main.m */ = {isa = PBXFileReference; lastKnownFileType = sourcecode.c.objc; path = main.m; sourceTree = "<group>"; };
		C0A9C2191BF1F0CA00BBA804 /* AppDelegate.h */ = {isa = PBXFileReference; lastKnownFileType = sourcecode.c.h; path = AppDelegate.h; sourceTree = "<group>"; };
		C0A9C21A1BF1F0CA00BBA804 /* AppDelegate.m */ = {isa = PBXFileReference; lastKnownFileType = sourcecode.c.objc; path = AppDelegate.m; sourceTree = "<group>"; };
		C0A9C21C1BF1F0CA00BBA804 /* ViewController.h */ = {isa = PBXFileReference; lastKnownFileType = sourcecode.c.h; path = ViewController.h; sourceTree = "<group>"; };
		C0A9C21D1BF1F0CA00BBA804 /* ViewController.m */ = {isa = PBXFileReference; lastKnownFileType = sourcecode.c.objc; path = ViewController.m; sourceTree = "<group>"; };
		C0A9C2201BF1F0CA00BBA804 /* Base */ = {isa = PBXFileReference; lastKnownFileType = file.storyboard; name = Base; path = Base.lproj/Main.storyboard; sourceTree = "<group>"; };
		C0A9C2231BF1F0CA00BBA804 /* TestSimulator.xcdatamodel */ = {isa = PBXFileReference; lastKnownFileType = wrapper.xcdatamodel; path = TestSimulator.xcdatamodel; sourceTree = "<group>"; };
		C0A9C2251BF1F0CA00BBA804 /* Assets.xcassets */ = {isa = PBXFileReference; lastKnownFileType = folder.assetcatalog; path = Assets.xcassets; sourceTree = "<group>"; };
		C0A9C2281BF1F0CA00BBA804 /* Base */ = {isa = PBXFileReference; lastKnownFileType = file.storyboard; name = Base; path = Base.lproj/LaunchScreen.storyboard; sourceTree = "<group>"; };
		C0A9C22A1BF1F0CA00BBA804 /* Info.plist */ = {isa = PBXFileReference; lastKnownFileType = text.plist.xml; path = Info.plist; sourceTree = "<group>"; };
		C0A9C22F1BF1F0CA00BBA804 /* TestSimulatorTests.xctest */ = {isa = PBXFileReference; explicitFileType = wrapper.cfbundle; includeInIndex = 0; path = TestSimulatorTests.xctest; sourceTree = BUILT_PRODUCTS_DIR; };
		C0A9C2331BF1F0CA00BBA804 /* TestSimulatorTests.m */ = {isa = PBXFileReference; lastKnownFileType = sourcecode.c.objc; path = TestSimulatorTests.m; sourceTree = "<group>"; };
		C0A9C2351BF1F0CA00BBA804 /* Info.plist */ = {isa = PBXFileReference; lastKnownFileType = text.plist.xml; path = Info.plist; sourceTree = "<group>"; };
		C0A9C23A1BF1F0CA00BBA804 /* TestSimulatorUITests.xctest */ = {isa = PBXFileReference; explicitFileType = wrapper.cfbundle; includeInIndex = 0; path = TestSimulatorUITests.xctest; sourceTree = BUILT_PRODUCTS_DIR; };
		C0A9C23E1BF1F0CA00BBA804 /* TestSimulatorUITests.m */ = {isa = PBXFileReference; lastKnownFileType = sourcecode.c.objc; path = TestSimulatorUITests.m; sourceTree = "<group>"; };
		C0A9C2401BF1F0CA00BBA804 /* Info.plist */ = {isa = PBXFileReference; lastKnownFileType = text.plist.xml; path = Info.plist; sourceTree = "<group>"; };
/* End PBXFileReference section */

/* Begin PBXFrameworksBuildPhase section */
		C0A9C2101BF1F0CA00BBA804 /* Frameworks */ = {
			isa = PBXFrameworksBuildPhase;
			buildActionMask = 2147483647;
			files = (
			);
			runOnlyForDeploymentPostprocessing = 0;
		};
		C0A9C22C1BF1F0CA00BBA804 /* Frameworks */ = {
			isa = PBXFrameworksBuildPhase;
			buildActionMask = 2147483647;
			files = (
			);
			runOnlyForDeploymentPostprocessing = 0;
		};
		C0A9C2371BF1F0CA00BBA804 /* Frameworks */ = {
			isa = PBXFrameworksBuildPhase;
			buildActionMask = 2147483647;
			files = (
			);
			runOnlyForDeploymentPostprocessing = 0;
		};
/* End PBXFrameworksBuildPhase section */

/* Begin PBXGroup section */
		C0A9C20A1BF1F0CA00BBA804 = {
			isa = PBXGroup;
			children = (
				C0A9C2151BF1F0CA00BBA804 /* TestSimulator */,
				C0A9C2321BF1F0CA00BBA804 /* TestSimulatorTests */,
				C0A9C23D1BF1F0CA00BBA804 /* TestSimulatorUITests */,
				C0A9C2141BF1F0CA00BBA804 /* Products */,
			);
			sourceTree = "<group>";
		};
		C0A9C2141BF1F0CA00BBA804 /* Products */ = {
			isa = PBXGroup;
			children = (
				C0A9C2131BF1F0CA00BBA804 /* TestSimulator.app */,
				C0A9C22F1BF1F0CA00BBA804 /* TestSimulatorTests.xctest */,
				C0A9C23A1BF1F0CA00BBA804 /* TestSimulatorUITests.xctest */,
			);
			name = Products;
			sourceTree = "<group>";
		};
		C0A9C2151BF1F0CA00BBA804 /* TestSimulator */ = {
			isa = PBXGroup;
			children = (
				C0A9C2191BF1F0CA00BBA804 /* AppDelegate.h */,
				C0A9C21A1BF1F0CA00BBA804 /* AppDelegate.m */,
				C0A9C21C1BF1F0CA00BBA804 /* ViewController.h */,
				C0A9C21D1BF1F0CA00BBA804 /* ViewController.m */,
				C0A9C21F1BF1F0CA00BBA804 /* Main.storyboard */,
				C0A9C2251BF1F0CA00BBA804 /* Assets.xcassets */,
				C0A9C2271BF1F0CA00BBA804 /* LaunchScreen.storyboard */,
				C0A9C22A1BF1F0CA00BBA804 /* Info.plist */,
				C0A9C2221BF1F0CA00BBA804 /* TestSimulator.xcdatamodeld */,
				C0A9C2161BF1F0CA00BBA804 /* Supporting Files */,
			);
			path = TestSimulator;
			sourceTree = "<group>";
		};
		C0A9C2161BF1F0CA00BBA804 /* Supporting Files */ = {
			isa = PBXGroup;
			children = (
				C0A9C2171BF1F0CA00BBA804 /* main.m */,
			);
			name = "Supporting Files";
			sourceTree = "<group>";
		};
		C0A9C2321BF1F0CA00BBA804 /* TestSimulatorTests */ = {
			isa = PBXGroup;
			children = (
				C0A9C2331BF1F0CA00BBA804 /* TestSimulatorTests.m */,
				C0A9C2351BF1F0CA00BBA804 /* Info.plist */,
			);
			path = TestSimulatorTests;
			sourceTree = "<group>";
		};
		C0A9C23D1BF1F0CA00BBA804 /* TestSimulatorUITests */ = {
			isa = PBXGroup;
			children = (
				C0A9C23E1BF1F0CA00BBA804 /* TestSimulatorUITests.m */,
				C0A9C2401BF1F0CA00BBA804 /* Info.plist */,
			);
			path = TestSimulatorUITests;
			sourceTree = "<group>";
		};
/* End PBXGroup section */

/* Begin PBXNativeTarget section */
		C0A9C2121BF1F0CA00BBA804 /* TestSimulator */ = {
			isa = PBXNativeTarget;
			buildConfigurationList = C0A9C2431BF1F0CA00BBA804 /* Build configuration list for PBXNativeTarget "TestSimulator" */;
			buildPhases = (
				C0A9C20F1BF1F0CA00BBA804 /* Sources */,
				C0A9C2101BF1F0CA00BBA804 /* Frameworks */,
				C0A9C2111BF1F0CA00BBA804 /* Resources */,
			);
			buildRules = (
			);
			dependencies = (
			);
			name = TestSimulator;
			productName = TestSimulator;
			productReference = C0A9C2131BF1F0CA00BBA804 /* TestSimulator.app */;
			productType = "com.apple.product-type.application";
		};
		C0A9C22E1BF1F0CA00BBA804 /* TestSimulatorTests */ = {
			isa = PBXNativeTarget;
			buildConfigurationList = C0A9C2461BF1F0CB00BBA804 /* Build configuration list for PBXNativeTarget "TestSimulatorTests" */;
			buildPhases = (
				C0A9C22B1BF1F0CA00BBA804 /* Sources */,
				C0A9C22C1BF1F0CA00BBA804 /* Frameworks */,
				C0A9C22D1BF1F0CA00BBA804 /* Resources */,
			);
			buildRules = (
			);
			dependencies = (
				C0A9C2311BF1F0CA00BBA804 /* PBXTargetDependency */,
			);
			name = TestSimulatorTests;
			productName = TestSimulatorTests;
			productReference = C0A9C22F1BF1F0CA00BBA804 /* TestSimulatorTests.xctest */;
			productType = "com.apple.product-type.bundle.unit-test";
		};
		C0A9C2391BF1F0CA00BBA804 /* TestSimulatorUITests */ = {
			isa = PBXNativeTarget;
			buildConfigurationList = C0A9C2491BF1F0CB00BBA804 /* Build configuration list for PBXNativeTarget "TestSimulatorUITests" */;
			buildPhases = (
				C0A9C2361BF1F0CA00BBA804 /* Sources */,
				C0A9C2371BF1F0CA00BBA804 /* Frameworks */,
				C0A9C2381BF1F0CA00BBA804 /* Resources */,
			);
			buildRules = (
			);
			dependencies = (
				C0A9C23C1BF1F0CA00BBA804 /* PBXTargetDependency */,
			);
			name = TestSimulatorUITests;
			productName = TestSimulatorUITests;
			productReference = C0A9C23A1BF1F0CA00BBA804 /* TestSimulatorUITests.xctest */;
			productType = "com.apple.product-type.bundle.ui-testing";
		};
/* End PBXNativeTarget section */

/* Begin PBXProject section */
		C0A9C20B1BF1F0CA00BBA804 /* Project object */ = {
			isa = PBXProject;
			attributes = {
				LastUpgradeCheck = 0710;
				ORGANIZATIONNAME = "Siya Infotech";
				TargetAttributes = {
					C0A9C2121BF1F0CA00BBA804 = {
						CreatedOnToolsVersion = 7.1;
					};
					C0A9C22E1BF1F0CA00BBA804 = {
						CreatedOnToolsVersion = 7.1;
						TestTargetID = C0A9C2121BF1F0CA00BBA804;
					};
					C0A9C2391BF1F0CA00BBA804 = {
						CreatedOnToolsVersion = 7.1;
						TestTargetID = C0A9C2121BF1F0CA00BBA804;
					};
				};
			};
			buildConfigurationList = C0A9C20E1BF1F0CA00BBA804 /* Build configuration list for PBXProject "TestSimulator" */;
			compatibilityVersion = "Xcode 3.2";
			developmentRegion = English;
			hasScannedForEncodings = 0;
			knownRegions = (
				en,
				Base,
			);
			mainGroup = C0A9C20A1BF1F0CA00BBA804;
			productRefGroup = C0A9C2141BF1F0CA00BBA804 /* Products */;
			projectDirPath = "";
			projectRoot = "";
			targets = (
				C0A9C2121BF1F0CA00BBA804 /* TestSimulator */,
				C0A9C22E1BF1F0CA00BBA804 /* TestSimulatorTests */,
				C0A9C2391BF1F0CA00BBA804 /* TestSimulatorUITests */,
			);
		};
/* End PBXProject section */

/* Begin PBXResourcesBuildPhase section */
		C0A9C2111BF1F0CA00BBA804 /* Resources */ = {
			isa = PBXResourcesBuildPhase;
			buildActionMask = 2147483647;
			files = (
				C0A9C2291BF1F0CA00BBA804 /* LaunchScreen.storyboard in Resources */,
				C0A9C2261BF1F0CA00BBA804 /* Assets.xcassets in Resources */,
				C0A9C2211BF1F0CA00BBA804 /* Main.storyboard in Resources */,
			);
			runOnlyForDeploymentPostprocessing = 0;
		};
		C0A9C22D1BF1F0CA00BBA804 /* Resources */ = {
			isa = PBXResourcesBuildPhase;
			buildActionMask = 2147483647;
			files = (
			);
			runOnlyForDeploymentPostprocessing = 0;
		};
		C0A9C2381BF1F0CA00BBA804 /* Resources */ = {
			isa = PBXResourcesBuildPhase;
			buildActionMask = 2147483647;
			files = (
			);
			runOnlyForDeploymentPostprocessing = 0;
		};
/* End PBXResourcesBuildPhase section */

/* Begin PBXSourcesBuildPhase section */
		C0A9C20F1BF1F0CA00BBA804 /* Sources */ = {
			isa = PBXSourcesBuildPhase;
			buildActionMask = 2147483647;
			files = (
				C0A9C21E1BF1F0CA00BBA804 /* ViewController.m in Sources */,
				C0A9C21B1BF1F0CA00BBA804 /* AppDelegate.m in Sources */,
				C0A9C2241BF1F0CA00BBA804 /* TestSimulator.xcdatamodeld in Sources */,
				C0A9C2181BF1F0CA00BBA804 /* main.m in Sources */,
			);
			runOnlyForDeploymentPostprocessing = 0;
		};
		C0A9C22B1BF1F0CA00BBA804 /* Sources */ = {
			isa = PBXSourcesBuildPhase;
			buildActionMask = 2147483647;
			files = (
				C0A9C2341BF1F0CA00BBA804 /* TestSimulatorTests.m in Sources */,
			);
			runOnlyForDeploymentPostprocessing = 0;
		};
		C0A9C2361BF1F0CA00BBA804 /* Sources */ = {
			isa = PBXSourcesBuildPhase;
			buildActionMask = 2147483647;
			files = (
				C0A9C23F1BF1F0CA00BBA804 /* TestSimulatorUITests.m in Sources */,
			);
			runOnlyForDeploymentPostprocessing = 0;
		};
/* End PBXSourcesBuildPhase section */

/* Begin PBXTargetDependency section */
		C0A9C2311BF1F0CA00BBA804 /* PBXTargetDependency */ = {
			isa = PBXTargetDependency;
			target = C0A9C2121BF1F0CA00BBA804 /* TestSimulator */;
			targetProxy = C0A9C2301BF1F0CA00BBA804 /* PBXContainerItemProxy */;
		};
		C0A9C23C1BF1F0CA00BBA804 /* PBXTargetDependency */ = {
			isa = PBXTargetDependency;
			target = C0A9C2121BF1F0CA00BBA804 /* TestSimulator */;
			targetProxy = C0A9C23B1BF1F0CA00BBA804 /* PBXContainerItemProxy */;
		};
/* End PBXTargetDependency section */

/* Begin PBXVariantGroup section */
		C0A9C21F1BF1F0CA00BBA804 /* Main.storyboard */ = {
			isa = PBXVariantGroup;
			children = (
				C0A9C2201BF1F0CA00BBA804 /* Base */,
			);
			name = Main.storyboard;
			sourceTree = "<group>";
		};
		C0A9C2271BF1F0CA00BBA804 /* LaunchScreen.storyboard */ = {
			isa = PBXVariantGroup;
			children = (
				C0A9C2281BF1F0CA00BBA804 /* Base */,
			);
			name = LaunchScreen.storyboard;
			sourceTree = "<group>";
		};
/* End PBXVariantGroup section */

/* Begin XCBuildConfiguration section */
		C0A9C2411BF1F0CA00BBA804 /* Debug */ = {
			isa = XCBuildConfiguration;
			buildSettings = {
				ALWAYS_SEARCH_USER_PATHS = NO;
				CLANG_CXX_LANGUAGE_STANDARD = "gnu++0x";
				CLANG_CXX_LIBRARY = "libc++";
				CLANG_ENABLE_MODULES = YES;
				CLANG_ENABLE_OBJC_ARC = YES;
				CLANG_WARN_BOOL_CONVERSION = YES;
				CLANG_WARN_CONSTANT_CONVERSION = YES;
				CLANG_WARN_DIRECT_OBJC_ISA_USAGE = YES_ERROR;
				CLANG_WARN_EMPTY_BODY = YES;
				CLANG_WARN_ENUM_CONVERSION = YES;
				CLANG_WARN_INT_CONVERSION = YES;
				CLANG_WARN_OBJC_ROOT_CLASS = YES_ERROR;
				CLANG_WARN_UNREACHABLE_CODE = YES;
				CLANG_WARN__DUPLICATE_METHOD_MATCH = YES;
				"CODE_SIGN_IDENTITY[sdk=iphoneos*]" = "iPhone Developer";
				COPY_PHASE_STRIP = NO;
				DEBUG_INFORMATION_FORMAT = dwarf;
				ENABLE_STRICT_OBJC_MSGSEND = YES;
				ENABLE_TESTABILITY = YES;
				GCC_C_LANGUAGE_STANDARD = gnu99;
				GCC_DYNAMIC_NO_PIC = NO;
				GCC_NO_COMMON_BLOCKS = YES;
				GCC_OPTIMIZATION_LEVEL = 0;
				GCC_PREPROCESSOR_DEFINITIONS = (
					"DEBUG=1",
					"$(inherited)",
				);
				GCC_WARN_64_TO_32_BIT_CONVERSION = YES;
				GCC_WARN_ABOUT_RETURN_TYPE = YES_ERROR;
				GCC_WARN_UNDECLARED_SELECTOR = YES;
				GCC_WARN_UNINITIALIZED_AUTOS = YES_AGGRESSIVE;
				GCC_WARN_UNUSED_FUNCTION = YES;
				GCC_WARN_UNUSED_VARIABLE = YES;
				IPHONEOS_DEPLOYMENT_TARGET = 9.1;
				MTL_ENABLE_DEBUG_INFO = YES;
				ONLY_ACTIVE_ARCH = YES;
				SDKROOT = iphoneos;
			};
			name = Debug;
		};
		C0A9C2421BF1F0CA00BBA804 /* Release */ = {
			isa = XCBuildConfiguration;
			buildSettings = {
				ALWAYS_SEARCH_USER_PATHS = NO;
				CLANG_CXX_LANGUAGE_STANDARD = "gnu++0x";
				CLANG_CXX_LIBRARY = "libc++";
				CLANG_ENABLE_MODULES = YES;
				CLANG_ENABLE_OBJC_ARC = YES;
				CLANG_WARN_BOOL_CONVERSION = YES;
				CLANG_WARN_CONSTANT_CONVERSION = YES;
				CLANG_WARN_DIRECT_OBJC_ISA_USAGE = YES_ERROR;
				CLANG_WARN_EMPTY_BODY = YES;
				CLANG_WARN_ENUM_CONVERSION = YES;
				CLANG_WARN_INT_CONVERSION = YES;
				CLANG_WARN_OBJC_ROOT_CLASS = YES_ERROR;
				CLANG_WARN_UNREACHABLE_CODE = YES;
				CLANG_WARN__DUPLICATE_METHOD_MATCH = YES;
				"CODE_SIGN_IDENTITY[sdk=iphoneos*]" = "iPhone Developer";
				COPY_PHASE_STRIP = NO;
				DEBUG_INFORMATION_FORMAT = "dwarf-with-dsym";
				ENABLE_NS_ASSERTIONS = NO;
				ENABLE_STRICT_OBJC_MSGSEND = YES;
				GCC_C_LANGUAGE_STANDARD = gnu99;
				GCC_NO_COMMON_BLOCKS = YES;
				GCC_WARN_64_TO_32_BIT_CONVERSION = YES;
				GCC_WARN_ABOUT_RETURN_TYPE = YES_ERROR;
				GCC_WARN_UNDECLARED_SELECTOR = YES;
				GCC_WARN_UNINITIALIZED_AUTOS = YES_AGGRESSIVE;
				GCC_WARN_UNUSED_FUNCTION = YES;
				GCC_WARN_UNUSED_VARIABLE = YES;
				IPHONEOS_DEPLOYMENT_TARGET = 9.1;
				MTL_ENABLE_DEBUG_INFO = NO;
				SDKROOT = iphoneos;
				VALIDATE_PRODUCT = YES;
			};
			name = Release;
		};
		C0A9C2441BF1F0CA00BBA804 /* Debug */ = {
			isa = XCBuildConfiguration;
			buildSettings = {
				ASSETCATALOG_COMPILER_APPICON_NAME = AppIcon;
				INFOPLIST_FILE = TestSimulator/Info.plist;
				LD_RUNPATH_SEARCH_PATHS = "$(inherited) @executable_path/Frameworks";
				PRODUCT_BUNDLE_IDENTIFIER = com.TestSimulator;
				PRODUCT_NAME = "$(TARGET_NAME)";
			};
			name = Debug;
		};
		C0A9C2451BF1F0CA00BBA804 /* Release */ = {
			isa = XCBuildConfiguration;
			buildSettings = {
				ASSETCATALOG_COMPILER_APPICON_NAME = AppIcon;
				INFOPLIST_FILE = TestSimulator/Info.plist;
				LD_RUNPATH_SEARCH_PATHS = "$(inherited) @executable_path/Frameworks";
				PRODUCT_BUNDLE_IDENTIFIER = com.TestSimulator;
				PRODUCT_NAME = "$(TARGET_NAME)";
			};
			name = Release;
		};
		C0A9C2471BF1F0CB00BBA804 /* Debug */ = {
			isa = XCBuildConfiguration;
			buildSettings = {
				BUNDLE_LOADER = "$(TEST_HOST)";
				INFOPLIST_FILE = TestSimulatorTests/Info.plist;
				LD_RUNPATH_SEARCH_PATHS = "$(inherited) @executable_path/Frameworks @loader_path/Frameworks";
				PRODUCT_BUNDLE_IDENTIFIER = com.TestSimulatorTests;
				PRODUCT_NAME = "$(TARGET_NAME)";
				TEST_HOST = "$(BUILT_PRODUCTS_DIR)/TestSimulator.app/TestSimulator";
			};
			name = Debug;
		};
		C0A9C2481BF1F0CB00BBA804 /* Release */ = {
			isa = XCBuildConfiguration;
			buildSettings = {
				BUNDLE_LOADER = "$(TEST_HOST)";
				INFOPLIST_FILE = TestSimulatorTests/Info.plist;
				LD_RUNPATH_SEARCH_PATHS = "$(inherited) @executable_path/Frameworks @loader_path/Frameworks";
				PRODUCT_BUNDLE_IDENTIFIER = com.TestSimulatorTests;
				PRODUCT_NAME = "$(TARGET_NAME)";
				TEST_HOST = "$(BUILT_PRODUCTS_DIR)/TestSimulator.app/TestSimulator";
			};
			name = Release;
		};
		C0A9C24A1BF1F0CB00BBA804 /* Debug */ = {
			isa = XCBuildConfiguration;
			buildSettings = {
				INFOPLIST_FILE = TestSimulatorUITests/Info.plist;
				LD_RUNPATH_SEARCH_PATHS = "$(inherited) @executable_path/Frameworks @loader_path/Frameworks";
				PRODUCT_BUNDLE_IDENTIFIER = com.TestSimulatorUITests;
				PRODUCT_NAME = "$(TARGET_NAME)";
				TEST_TARGET_NAME = TestSimulator;
				USES_XCTRUNNER = YES;
			};
			name = Debug;
		};
		C0A9C24B1BF1F0CB00BBA804 /* Release */ = {
			isa = XCBuildConfiguration;
			buildSettings = {
				INFOPLIST_FILE = TestSimulatorUITests/Info.plist;
				LD_RUNPATH_SEARCH_PATHS = "$(inherited) @executable_path/Frameworks @loader_path/Frameworks";
				PRODUCT_BUNDLE_IDENTIFIER = com.TestSimulatorUITests;
				PRODUCT_NAME = "$(TARGET_NAME)";
				TEST_TARGET_NAME = TestSimulator;
				USES_XCTRUNNER = YES;
			};
			name = Release;
		};
/* End XCBuildConfiguration section */

/* Begin XCConfigurationList section */
		C0A9C20E1BF1F0CA00BBA804 /* Build configuration list for PBXProject "TestSimulator" */ = {
			isa = XCConfigurationList;
			buildConfigurations = (
				C0A9C2411BF1F0CA00BBA804 /* Debug */,
				C0A9C2421BF1F0CA00BBA804 /* Release */,
			);
			defaultConfigurationIsVisible = 0;
			defaultConfigurationName = Release;
		};
		C0A9C2431BF1F0CA00BBA804 /* Build configuration list for PBXNativeTarget "TestSimulator" */ = {
			isa = XCConfigurationList;
			buildConfigurations = (
				C0A9C2441BF1F0CA00BBA804 /* Debug */,
				C0A9C2451BF1F0CA00BBA804 /* Release */,
			);
			defaultConfigurationIsVisible = 0;
		};
		C0A9C2461BF1F0CB00BBA804 /* Build configuration list for PBXNativeTarget "TestSimulatorTests" */ = {
			isa = XCConfigurationList;
			buildConfigurations = (
				C0A9C2471BF1F0CB00BBA804 /* Debug */,
				C0A9C2481BF1F0CB00BBA804 /* Release */,
			);
			defaultConfigurationIsVisible = 0;
		};
		C0A9C2491BF1F0CB00BBA804 /* Build configuration list for PBXNativeTarget "TestSimulatorUITests" */ = {
			isa = XCConfigurationList;
			buildConfigurations = (
				C0A9C24A1BF1F0CB00BBA804 /* Debug */,
				C0A9C24B1BF1F0CB00BBA804 /* Release */,
			);
			defaultConfigurationIsVisible = 0;
		};
/* End XCConfigurationList section */

/* Begin XCVersionGroup section */
		C0A9C2221BF1F0CA00BBA804 /* TestSimulator.xcdatamodeld */ = {
			isa = XCVersionGroup;
			children = (
				C0A9C2231BF1F0CA00BBA804 /* TestSimulator.xcdatamodel */,
			);
			currentVersion = C0A9C2231BF1F0CA00BBA804 /* TestSimulator.xcdatamodel */;
			path = TestSimulator.xcdatamodeld;
			sourceTree = "<group>";
			versionGroupType = wrapper.xcdatamodel;
		};
/* End XCVersionGroup section */
	};
	rootObject = C0A9C20B1BF1F0CA00BBA804 /* Project object */;
}
