// !$*UTF8*$!
{
	archiveVersion = 1;
	classes = {
	};
	objectVersion = 46;
	objects = {

/* Begin PBXBuildFile section */
		92A2D9BA1CE71E6C0094FFDC /* or.jpg in Resources */ = {isa = PBXBuildFile; fileRef = 92A2D9B91CE71E6C0094FFDC /* or.jpg */; };
		92BC78C31CE6FA6B00929F31 /* main.m in Sources */ = {isa = PBXBuildFile; fileRef = 92BC78C21CE6FA6B00929F31 /* main.m */; };
		92BC78C61CE6FA6B00929F31 /* AppDelegate.m in Sources */ = {isa = PBXBuildFile; fileRef = 92BC78C51CE6FA6B00929F31 /* AppDelegate.m */; };
		92BC78C91CE6FA6B00929F31 /* ViewController.m in Sources */ = {isa = PBXBuildFile; fileRef = 92BC78C81CE6FA6B00929F31 /* ViewController.m */; };
		92BC78CC1CE6FA6B00929F31 /* Main.storyboard in Resources */ = {isa = PBXBuildFile; fileRef = 92BC78CA1CE6FA6B00929F31 /* Main.storyboard */; };
		92BC78CE1CE6FA6B00929F31 /* Assets.xcassets in Resources */ = {isa = PBXBuildFile; fileRef = 92BC78CD1CE6FA6B00929F31 /* Assets.xcassets */; };
		92BC78D11CE6FA6B00929F31 /* LaunchScreen.storyboard in Resources */ = {isa = PBXBuildFile; fileRef = 92BC78CF1CE6FA6B00929F31 /* LaunchScreen.storyboard */; };
		92BC78DF1CE6FBE200929F31 /* UIButton+UIButtonImage.m in Sources */ = {isa = PBXBuildFile; fileRef = 92BC78DE1CE6FBE200929F31 /* UIButton+UIButtonImage.m */; };
		92BC78E11CE703A900929F31 /* test.png in Resources */ = {isa = PBXBuildFile; fileRef = 92BC78E01CE703A900929F31 /* test.png */; };
		92BC78E41CE714EF00929F31 /* test01.m in Sources */ = {isa = PBXBuildFile; fileRef = 92BC78E31CE714EF00929F31 /* test01.m */; };
		92BC78E61CE7186600929F31 /* test2.png in Resources */ = {isa = PBXBuildFile; fileRef = 92BC78E51CE7186600929F31 /* test2.png */; };
/* End PBXBuildFile section */

/* Begin PBXFileReference section */
		92A2D9B91CE71E6C0094FFDC /* or.jpg */ = {isa = PBXFileReference; lastKnownFileType = image.jpeg; path = or.jpg; sourceTree = "<group>"; };
		92BC78BE1CE6FA6B00929F31 /* UIButtonImageText.app */ = {isa = PBXFileReference; explicitFileType = wrapper.application; includeInIndex = 0; path = UIButtonImageText.app; sourceTree = BUILT_PRODUCTS_DIR; };
		92BC78C21CE6FA6B00929F31 /* main.m */ = {isa = PBXFileReference; lastKnownFileType = sourcecode.c.objc; path = main.m; sourceTree = "<group>"; };
		92BC78C41CE6FA6B00929F31 /* AppDelegate.h */ = {isa = PBXFileReference; lastKnownFileType = sourcecode.c.h; path = AppDelegate.h; sourceTree = "<group>"; };
		92BC78C51CE6FA6B00929F31 /* AppDelegate.m */ = {isa = PBXFileReference; lastKnownFileType = sourcecode.c.objc; path = AppDelegate.m; sourceTree = "<group>"; };
		92BC78C71CE6FA6B00929F31 /* ViewController.h */ = {isa = PBXFileReference; lastKnownFileType = sourcecode.c.h; path = ViewController.h; sourceTree = "<group>"; };
		92BC78C81CE6FA6B00929F31 /* ViewController.m */ = {isa = PBXFileReference; lastKnownFileType = sourcecode.c.objc; path = ViewController.m; sourceTree = "<group>"; };
		92BC78CB1CE6FA6B00929F31 /* Base */ = {isa = PBXFileReference; lastKnownFileType = file.storyboard; name = Base; path = Base.lproj/Main.storyboard; sourceTree = "<group>"; };
		92BC78CD1CE6FA6B00929F31 /* Assets.xcassets */ = {isa = PBXFileReference; lastKnownFileType = folder.assetcatalog; path = Assets.xcassets; sourceTree = "<group>"; };
		92BC78D01CE6FA6B00929F31 /* Base */ = {isa = PBXFileReference; lastKnownFileType = file.storyboard; name = Base; path = Base.lproj/LaunchScreen.storyboard; sourceTree = "<group>"; };
		92BC78D21CE6FA6B00929F31 /* Info.plist */ = {isa = PBXFileReference; lastKnownFileType = text.plist.xml; path = Info.plist; sourceTree = "<group>"; };
		92BC78DD1CE6FBE200929F31 /* UIButton+UIButtonImage.h */ = {isa = PBXFileReference; fileEncoding = 4; lastKnownFileType = sourcecode.c.h; path = "UIButton+UIButtonImage.h"; sourceTree = "<group>"; };
		92BC78DE1CE6FBE200929F31 /* UIButton+UIButtonImage.m */ = {isa = PBXFileReference; fileEncoding = 4; lastKnownFileType = sourcecode.c.objc; path = "UIButton+UIButtonImage.m"; sourceTree = "<group>"; };
		92BC78E01CE703A900929F31 /* test.png */ = {isa = PBXFileReference; lastKnownFileType = image.png; path = test.png; sourceTree = "<group>"; };
		92BC78E21CE714EF00929F31 /* test01.h */ = {isa = PBXFileReference; fileEncoding = 4; lastKnownFileType = sourcecode.c.h; path = test01.h; sourceTree = "<group>"; };
		92BC78E31CE714EF00929F31 /* test01.m */ = {isa = PBXFileReference; fileEncoding = 4; lastKnownFileType = sourcecode.c.objc; path = test01.m; sourceTree = "<group>"; };
		92BC78E51CE7186600929F31 /* test2.png */ = {isa = PBXFileReference; lastKnownFileType = image.png; path = test2.png; sourceTree = "<group>"; };
/* End PBXFileReference section */

/* Begin PBXFrameworksBuildPhase section */
		92BC78BB1CE6FA6B00929F31 /* Frameworks */ = {
			isa = PBXFrameworksBuildPhase;
			buildActionMask = 2147483647;
			files = (
			);
			runOnlyForDeploymentPostprocessing = 0;
		};
/* End PBXFrameworksBuildPhase section */

/* Begin PBXGroup section */
		92BC78B51CE6FA6B00929F31 = {
			isa = PBXGroup;
			children = (
				92BC78C01CE6FA6B00929F31 /* UIButtonImageText */,
				92BC78BF1CE6FA6B00929F31 /* Products */,
			);
			sourceTree = "<group>";
		};
		92BC78BF1CE6FA6B00929F31 /* Products */ = {
			isa = PBXGroup;
			children = (
				92BC78BE1CE6FA6B00929F31 /* UIButtonImageText.app */,
			);
			name = Products;
			sourceTree = "<group>";
		};
		92BC78C01CE6FA6B00929F31 /* UIButtonImageText */ = {
			isa = PBXGroup;
			children = (
				92BC78C41CE6FA6B00929F31 /* AppDelegate.h */,
				92BC78C51CE6FA6B00929F31 /* AppDelegate.m */,
				92BC78C71CE6FA6B00929F31 /* ViewController.h */,
				92BC78C81CE6FA6B00929F31 /* ViewController.m */,
				92BC78E21CE714EF00929F31 /* test01.h */,
				92BC78E31CE714EF00929F31 /* test01.m */,
				92BC78E51CE7186600929F31 /* test2.png */,
				92BC78E01CE703A900929F31 /* test.png */,
				92A2D9B91CE71E6C0094FFDC /* or.jpg */,
				92BC78DD1CE6FBE200929F31 /* UIButton+UIButtonImage.h */,
				92BC78DE1CE6FBE200929F31 /* UIButton+UIButtonImage.m */,
				92BC78CA1CE6FA6B00929F31 /* Main.storyboard */,
				92BC78CD1CE6FA6B00929F31 /* Assets.xcassets */,
				92BC78CF1CE6FA6B00929F31 /* LaunchScreen.storyboard */,
				92BC78D21CE6FA6B00929F31 /* Info.plist */,
				92BC78C11CE6FA6B00929F31 /* Supporting Files */,
			);
			path = UIButtonImageText;
			sourceTree = "<group>";
		};
		92BC78C11CE6FA6B00929F31 /* Supporting Files */ = {
			isa = PBXGroup;
			children = (
				92BC78C21CE6FA6B00929F31 /* main.m */,
			);
			name = "Supporting Files";
			sourceTree = "<group>";
		};
/* End PBXGroup section */

/* Begin PBXNativeTarget section */
		92BC78BD1CE6FA6B00929F31 /* UIButtonImageText */ = {
			isa = PBXNativeTarget;
			buildConfigurationList = 92BC78D51CE6FA6B00929F31 /* Build configuration list for PBXNativeTarget "UIButtonImageText" */;
			buildPhases = (
				92BC78BA1CE6FA6B00929F31 /* Sources */,
				92BC78BB1CE6FA6B00929F31 /* Frameworks */,
				92BC78BC1CE6FA6B00929F31 /* Resources */,
			);
			buildRules = (
			);
			dependencies = (
			);
			name = UIButtonImageText;
			productName = UIButtonImageText;
			productReference = 92BC78BE1CE6FA6B00929F31 /* UIButtonImageText.app */;
			productType = "com.apple.product-type.application";
		};
/* End PBXNativeTarget section */

/* Begin PBXProject section */
		92BC78B61CE6FA6B00929F31 /* Project object */ = {
			isa = PBXProject;
			attributes = {
				LastUpgradeCheck = 0730;
				ORGANIZATIONNAME = Siya9;
				TargetAttributes = {
					92BC78BD1CE6FA6B00929F31 = {
						CreatedOnToolsVersion = 7.3;
					};
				};
			};
			buildConfigurationList = 92BC78B91CE6FA6B00929F31 /* Build configuration list for PBXProject "UIButtonImageText" */;
			compatibilityVersion = "Xcode 3.2";
			developmentRegion = English;
			hasScannedForEncodings = 0;
			knownRegions = (
				en,
				Base,
			);
			mainGroup = 92BC78B51CE6FA6B00929F31;
			productRefGroup = 92BC78BF1CE6FA6B00929F31 /* Products */;
			projectDirPath = "";
			projectRoot = "";
			targets = (
				92BC78BD1CE6FA6B00929F31 /* UIButtonImageText */,
			);
		};
/* End PBXProject section */

/* Begin PBXResourcesBuildPhase section */
		92BC78BC1CE6FA6B00929F31 /* Resources */ = {
			isa = PBXResourcesBuildPhase;
			buildActionMask = 2147483647;
			files = (
				92A2D9BA1CE71E6C0094FFDC /* or.jpg in Resources */,
				92BC78D11CE6FA6B00929F31 /* LaunchScreen.storyboard in Resources */,
				92BC78E61CE7186600929F31 /* test2.png in Resources */,
				92BC78CE1CE6FA6B00929F31 /* Assets.xcassets in Resources */,
				92BC78CC1CE6FA6B00929F31 /* Main.storyboard in Resources */,
				92BC78E11CE703A900929F31 /* test.png in Resources */,
			);
			runOnlyForDeploymentPostprocessing = 0;
		};
/* End PBXResourcesBuildPhase section */

/* Begin PBXSourcesBuildPhase section */
		92BC78BA1CE6FA6B00929F31 /* Sources */ = {
			isa = PBXSourcesBuildPhase;
			buildActionMask = 2147483647;
			files = (
				92BC78E41CE714EF00929F31 /* test01.m in Sources */,
				92BC78C91CE6FA6B00929F31 /* ViewController.m in Sources */,
				92BC78C61CE6FA6B00929F31 /* AppDelegate.m in Sources */,
				92BC78DF1CE6FBE200929F31 /* UIButton+UIButtonImage.m in Sources */,
				92BC78C31CE6FA6B00929F31 /* main.m in Sources */,
			);
			runOnlyForDeploymentPostprocessing = 0;
		};
/* End PBXSourcesBuildPhase section */

/* Begin PBXVariantGroup section */
		92BC78CA1CE6FA6B00929F31 /* Main.storyboard */ = {
			isa = PBXVariantGroup;
			children = (
				92BC78CB1CE6FA6B00929F31 /* Base */,
			);
			name = Main.storyboard;
			sourceTree = "<group>";
		};
		92BC78CF1CE6FA6B00929F31 /* LaunchScreen.storyboard */ = {
			isa = PBXVariantGroup;
			children = (
				92BC78D01CE6FA6B00929F31 /* Base */,
			);
			name = LaunchScreen.storyboard;
			sourceTree = "<group>";
		};
/* End PBXVariantGroup section */

/* Begin XCBuildConfiguration section */
		92BC78D31CE6FA6B00929F31 /* Debug */ = {
			isa = XCBuildConfiguration;
			buildSettings = {
				ALWAYS_SEARCH_USER_PATHS = NO;
				CLANG_ANALYZER_NONNULL = YES;
				CLANG_CXX_LANGUAGE_STANDARD = "gnu++0x";
				CLANG_CXX_LIBRARY = "libc++";
				CLANG_ENABLE_MODULES = YES;
				CLANG_ENABLE_OBJC_ARC = YES;
				CLANG_WARN_BOOL_CONVERSION = YES;
				CLANG_WARN_CONSTANT_CONVERSION = YES;
				CLANG_WARN_DIRECT_OBJC_ISA_USAGE = YES_ERROR;
				CLANG_WARN_EMPTY_BODY = YES;
				CLANG_WARN_ENUM_CONVERSION = YES;
				CLANG_WARN_INT_CONVERSION = YES;
				CLANG_WARN_OBJC_ROOT_CLASS = YES_ERROR;
				CLANG_WARN_UNREACHABLE_CODE = YES;
				CLANG_WARN__DUPLICATE_METHOD_MATCH = YES;
				"CODE_SIGN_IDENTITY[sdk=iphoneos*]" = "iPhone Developer";
				COPY_PHASE_STRIP = NO;
				DEBUG_INFORMATION_FORMAT = dwarf;
				ENABLE_STRICT_OBJC_MSGSEND = YES;
				ENABLE_TESTABILITY = YES;
				GCC_C_LANGUAGE_STANDARD = gnu99;
				GCC_DYNAMIC_NO_PIC = NO;
				GCC_NO_COMMON_BLOCKS = YES;
				GCC_OPTIMIZATION_LEVEL = 0;
				GCC_PREPROCESSOR_DEFINITIONS = (
					"DEBUG=1",
					"$(inherited)",
				);
				GCC_WARN_64_TO_32_BIT_CONVERSION = YES;
				GCC_WARN_ABOUT_RETURN_TYPE = YES_ERROR;
				GCC_WARN_UNDECLARED_SELECTOR = YES;
				GCC_WARN_UNINITIALIZED_AUTOS = YES_AGGRESSIVE;
				GCC_WARN_UNUSED_FUNCTION = YES;
				GCC_WARN_UNUSED_VARIABLE = YES;
				IPHONEOS_DEPLOYMENT_TARGET = 9.3;
				MTL_ENABLE_DEBUG_INFO = YES;
				ONLY_ACTIVE_ARCH = YES;
				SDKROOT = iphoneos;
				TARGETED_DEVICE_FAMILY = 2;
			};
			name = Debug;
		};
		92BC78D41CE6FA6B00929F31 /* Release */ = {
			isa = XCBuildConfiguration;
			buildSettings = {
				ALWAYS_SEARCH_USER_PATHS = NO;
				CLANG_ANALYZER_NONNULL = YES;
				CLANG_CXX_LANGUAGE_STANDARD = "gnu++0x";
				CLANG_CXX_LIBRARY = "libc++";
				CLANG_ENABLE_MODULES = YES;
				CLANG_ENABLE_OBJC_ARC = YES;
				CLANG_WARN_BOOL_CONVERSION = YES;
				CLANG_WARN_CONSTANT_CONVERSION = YES;
				CLANG_WARN_DIRECT_OBJC_ISA_USAGE = YES_ERROR;
				CLANG_WARN_EMPTY_BODY = YES;
				CLANG_WARN_ENUM_CONVERSION = YES;
				CLANG_WARN_INT_CONVERSION = YES;
				CLANG_WARN_OBJC_ROOT_CLASS = YES_ERROR;
				CLANG_WARN_UNREACHABLE_CODE = YES;
				CLANG_WARN__DUPLICATE_METHOD_MATCH = YES;
				"CODE_SIGN_IDENTITY[sdk=iphoneos*]" = "iPhone Developer";
				COPY_PHASE_STRIP = NO;
				DEBUG_INFORMATION_FORMAT = "dwarf-with-dsym";
				ENABLE_NS_ASSERTIONS = NO;
				ENABLE_STRICT_OBJC_MSGSEND = YES;
				GCC_C_LANGUAGE_STANDARD = gnu99;
				GCC_NO_COMMON_BLOCKS = YES;
				GCC_WARN_64_TO_32_BIT_CONVERSION = YES;
				GCC_WARN_ABOUT_RETURN_TYPE = YES_ERROR;
				GCC_WARN_UNDECLARED_SELECTOR = YES;
				GCC_WARN_UNINITIALIZED_AUTOS = YES_AGGRESSIVE;
				GCC_WARN_UNUSED_FUNCTION = YES;
				GCC_WARN_UNUSED_VARIABLE = YES;
				IPHONEOS_DEPLOYMENT_TARGET = 9.3;
				MTL_ENABLE_DEBUG_INFO = NO;
				SDKROOT = iphoneos;
				TARGETED_DEVICE_FAMILY = 2;
				VALIDATE_PRODUCT = YES;
			};
			name = Release;
		};
		92BC78D61CE6FA6B00929F31 /* Debug */ = {
			isa = XCBuildConfiguration;
			buildSettings = {
				ASSETCATALOG_COMPILER_APPICON_NAME = AppIcon;
				INFOPLIST_FILE = UIButtonImageText/Info.plist;
				LD_RUNPATH_SEARCH_PATHS = "$(inherited) @executable_path/Frameworks";
				PRODUCT_BUNDLE_IDENTIFIER = SiyaInfoTech.UIButtonImageText;
				PRODUCT_NAME = "$(TARGET_NAME)";
			};
			name = Debug;
		};
		92BC78D71CE6FA6B00929F31 /* Release */ = {
			isa = XCBuildConfiguration;
			buildSettings = {
				ASSETCATALOG_COMPILER_APPICON_NAME = AppIcon;
				INFOPLIST_FILE = UIButtonImageText/Info.plist;
				LD_RUNPATH_SEARCH_PATHS = "$(inherited) @executable_path/Frameworks";
				PRODUCT_BUNDLE_IDENTIFIER = SiyaInfoTech.UIButtonImageText;
				PRODUCT_NAME = "$(TARGET_NAME)";
			};
			name = Release;
		};
/* End XCBuildConfiguration section */

/* Begin XCConfigurationList section */
		92BC78B91CE6FA6B00929F31 /* Build configuration list for PBXProject "UIButtonImageText" */ = {
			isa = XCConfigurationList;
			buildConfigurations = (
				92BC78D31CE6FA6B00929F31 /* Debug */,
				92BC78D41CE6FA6B00929F31 /* Release */,
			);
			defaultConfigurationIsVisible = 0;
			defaultConfigurationName = Release;
		};
		92BC78D51CE6FA6B00929F31 /* Build configuration list for PBXNativeTarget "UIButtonImageText" */ = {
			isa = XCConfigurationList;
			buildConfigurations = (
				92BC78D61CE6FA6B00929F31 /* Debug */,
				92BC78D71CE6FA6B00929F31 /* Release */,
			);
			defaultConfigurationIsVisible = 0;
			defaultConfigurationName = Release;
		};
/* End XCConfigurationList section */
	};
	rootObject = 92BC78B61CE6FA6B00929F31 /* Project object */;
}
